{
  "pins" : [
    {
      "identity" : "colorcompatibility",
      "kind" : "remoteSourceControl",
      "location" : "https://github.com/noahsark769/ColorCompatibility.git",
      "state" : {
        "revision" : "1c07a8dba6e1acb3dd2ce58eec4a2b92e0136c77",
        "version" : "1.1.0"
      }
    },
    {
      "identity" : "swxmlhash",
      "kind" : "remoteSourceControl",
      "location" : "https://github.com/drmohundro/SWXMLHash.git",
      "state" : {
        "revision" : "9183170d20857753d4f331b0ca63f73c60764bf3",
        "version" : "5.0.2"
      }
    }
  ],
  "version" : 2
}
