// !$*UTF8*$!
{
	archiveVersion = 1;
	classes = {
	};
	objectVersion = 52;
	objects = {

/* Begin PBXBuildFile section */
		CF9E11F229C35C5E00D3541E /* ELGApp.swift in Sources */ = {isa = PBXBuildFile; fileRef = CF9E11F129C35C5E00D3541E /* ELGApp.swift */; };
		CF9E11F429C35C5E00D3541E /* ContentView.swift in Sources */ = {isa = PBXBuildFile; fileRef = CF9E11F329C35C5E00D3541E /* ContentView.swift */; };
		CF9E11F629C35C5F00D3541E /* Assets.xcassets in Resources */ = {isa = PBXBuildFile; fileRef = CF9E11F529C35C5F00D3541E /* Assets.xcassets */; };
		CF9E11F929C35C5F00D3541E /* Preview Assets.xcassets in Resources */ = {isa = PBXBuildFile; fileRef = CF9E11F829C35C5F00D3541E /* Preview Assets.xcassets */; };
		CF9E120029C5D9FD00D3541E /* ScheduleWeekdayView.swift in Sources */ = {isa = PBXBuildFile; fileRef = CF9E11FF29C5D9FD00D3541E /* ScheduleWeekdayView.swift */; };
		CF9E120329C5DDD700D3541E /* Defaults in Frameworks */ = {isa = PBXBuildFile; productRef = CF9E120229C5DDD700D3541E /* Defaults */; };
		CF9E120929C5F50F00D3541E /* ScheduleView.swift in Sources */ = {isa = PBXBuildFile; fileRef = CF9E120829C5F50F00D3541E /* ScheduleView.swift */; };
		CF9E120C29C5F5BA00D3541E /* Weekday.swift in Sources */ = {isa = PBXBuildFile; fileRef = CF9E120B29C5F5BA00D3541E /* Weekday.swift */; };
		CF9E120E29C5FB3B00D3541E /* Schedule.swift in Sources */ = {isa = PBXBuildFile; fileRef = CF9E120D29C5FB3B00D3541E /* Schedule.swift */; };
		CF9E121029C5FB8E00D3541E /* ScheduleItem.swift in Sources */ = {isa = PBXBuildFile; fileRef = CF9E120F29C5FB8E00D3541E /* ScheduleItem.swift */; };
		CF9E121229C5FCBB00D3541E /* SubstitutionItem.swift in Sources */ = {isa = PBXBuildFile; fileRef = CF9E121129C5FCBB00D3541E /* SubstitutionItem.swift */; };
		CF9E121429C6113F00D3541E /* Subjects.swift in Sources */ = {isa = PBXBuildFile; fileRef = CF9E121329C6113F00D3541E /* Subjects.swift */; };
		CF9E121629C659A800D3541E /* SubjectView.swift in Sources */ = {isa = PBXBuildFile; fileRef = CF9E121529C659A800D3541E /* SubjectView.swift */; };
		CFB794F129CA0A1F0021C9B7 /* ScheduleCollection.swift in Sources */ = {isa = PBXBuildFile; fileRef = CFB794F029CA0A1F0021C9B7 /* ScheduleCollection.swift */; };
		CFB794F829CB309A0021C9B7 /* ScheduleListItemView.swift in Sources */ = {isa = PBXBuildFile; fileRef = CFB794F729CB309A0021C9B7 /* ScheduleListItemView.swift */; };
		CFB794FA29CB53D20021C9B7 /* SubstitutionView.swift in Sources */ = {isa = PBXBuildFile; fileRef = CFB794F929CB53D20021C9B7 /* SubstitutionView.swift */; };
		CFB794FD29CB58A20021C9B7 /* Substitutions.swift in Sources */ = {isa = PBXBuildFile; fileRef = CFB794FC29CB58A20021C9B7 /* Substitutions.swift */; };
		CFB7950029CB590A0021C9B7 /* SwiftCSV in Frameworks */ = {isa = PBXBuildFile; productRef = CFB794FF29CB590A0021C9B7 /* SwiftCSV */; };
		CFB7950229CB66F20021C9B7 /* NetworkMonitor.swift in Sources */ = {isa = PBXBuildFile; fileRef = CFB7950129CB66F20021C9B7 /* NetworkMonitor.swift */; };
		CFB7950429CB6B450021C9B7 /* SubstitutionsError.swift in Sources */ = {isa = PBXBuildFile; fileRef = CFB7950329CB6B450021C9B7 /* SubstitutionsError.swift */; };
		CFB7950829CC66D10021C9B7 /* SPIndicator in Frameworks */ = {isa = PBXBuildFile; productRef = CFB7950729CC66D10021C9B7 /* SPIndicator */; };
		CFB7950A29CC8C970021C9B7 /* SubstitutionItemCard.swift in Sources */ = {isa = PBXBuildFile; fileRef = CFB7950929CC8C970021C9B7 /* SubstitutionItemCard.swift */; };
		CFB7950C29CC945E0021C9B7 /* SubstitutionSchoolClassView.swift in Sources */ = {isa = PBXBuildFile; fileRef = CFB7950B29CC945E0021C9B7 /* SubstitutionSchoolClassView.swift */; };
/* End PBXBuildFile section */

/* Begin PBXFileReference section */
		CF9E11EF29C35C5E00D3541E /* ELG.app */ = {isa = PBXFileReference; explicitFileType = wrapper.application; includeInIndex = 0; path = ELG.app; sourceTree = BUILT_PRODUCTS_DIR; };
		CF9E11F129C35C5E00D3541E /* ELGApp.swift */ = {isa = PBXFileReference; lastKnownFileType = sourcecode.swift; path = ELGApp.swift; sourceTree = "<group>"; };
		CF9E11F329C35C5E00D3541E /* ContentView.swift */ = {isa = PBXFileReference; lastKnownFileType = sourcecode.swift; path = ContentView.swift; sourceTree = "<group>"; };
		CF9E11F529C35C5F00D3541E /* Assets.xcassets */ = {isa = PBXFileReference; lastKnownFileType = folder.assetcatalog; path = Assets.xcassets; sourceTree = "<group>"; };
		CF9E11F829C35C5F00D3541E /* Preview Assets.xcassets */ = {isa = PBXFileReference; lastKnownFileType = folder.assetcatalog; path = "Preview Assets.xcassets"; sourceTree = "<group>"; };
		CF9E11FF29C5D9FD00D3541E /* ScheduleWeekdayView.swift */ = {isa = PBXFileReference; lastKnownFileType = sourcecode.swift; path = ScheduleWeekdayView.swift; sourceTree = "<group>"; };
		CF9E120429C5DE0A00D3541E /* ELG.entitlements */ = {isa = PBXFileReference; lastKnownFileType = text.plist.entitlements; path = ELG.entitlements; sourceTree = "<group>"; };
		CF9E120829C5F50F00D3541E /* ScheduleView.swift */ = {isa = PBXFileReference; lastKnownFileType = sourcecode.swift; path = ScheduleView.swift; sourceTree = "<group>"; };
		CF9E120B29C5F5BA00D3541E /* Weekday.swift */ = {isa = PBXFileReference; lastKnownFileType = sourcecode.swift; path = Weekday.swift; sourceTree = "<group>"; };
		CF9E120D29C5FB3B00D3541E /* Schedule.swift */ = {isa = PBXFileReference; lastKnownFileType = sourcecode.swift; path = Schedule.swift; sourceTree = "<group>"; };
		CF9E120F29C5FB8E00D3541E /* ScheduleItem.swift */ = {isa = PBXFileReference; lastKnownFileType = sourcecode.swift; path = ScheduleItem.swift; sourceTree = "<group>"; };
		CF9E121129C5FCBB00D3541E /* SubstitutionItem.swift */ = {isa = PBXFileReference; lastKnownFileType = sourcecode.swift; path = SubstitutionItem.swift; sourceTree = "<group>"; };
		CF9E121329C6113F00D3541E /* Subjects.swift */ = {isa = PBXFileReference; lastKnownFileType = sourcecode.swift; path = Subjects.swift; sourceTree = "<group>"; };
		CF9E121529C659A800D3541E /* SubjectView.swift */ = {isa = PBXFileReference; lastKnownFileType = sourcecode.swift; path = SubjectView.swift; sourceTree = "<group>"; };
		CFB794F029CA0A1F0021C9B7 /* ScheduleCollection.swift */ = {isa = PBXFileReference; lastKnownFileType = sourcecode.swift; path = ScheduleCollection.swift; sourceTree = "<group>"; };
		CFB794F729CB309A0021C9B7 /* ScheduleListItemView.swift */ = {isa = PBXFileReference; lastKnownFileType = sourcecode.swift; path = ScheduleListItemView.swift; sourceTree = "<group>"; };
		CFB794F929CB53D20021C9B7 /* SubstitutionView.swift */ = {isa = PBXFileReference; lastKnownFileType = sourcecode.swift; path = SubstitutionView.swift; sourceTree = "<group>"; };
		CFB794FC29CB58A20021C9B7 /* Substitutions.swift */ = {isa = PBXFileReference; lastKnownFileType = sourcecode.swift; path = Substitutions.swift; sourceTree = "<group>"; };
		CFB7950129CB66F20021C9B7 /* NetworkMonitor.swift */ = {isa = PBXFileReference; lastKnownFileType = sourcecode.swift; path = NetworkMonitor.swift; sourceTree = "<group>"; };
		CFB7950329CB6B450021C9B7 /* SubstitutionsError.swift */ = {isa = PBXFileReference; lastKnownFileType = sourcecode.swift; path = SubstitutionsError.swift; sourceTree = "<group>"; };
		CFB7950529CC54D40021C9B7 /* Info.plist */ = {isa = PBXFileReference; lastKnownFileType = text.plist; path = Info.plist; sourceTree = "<group>"; };
		CFB7950929CC8C970021C9B7 /* SubstitutionItemCard.swift */ = {isa = PBXFileReference; lastKnownFileType = sourcecode.swift; path = SubstitutionItemCard.swift; sourceTree = "<group>"; };
		CFB7950B29CC945E0021C9B7 /* SubstitutionSchoolClassView.swift */ = {isa = PBXFileReference; lastKnownFileType = sourcecode.swift; path = SubstitutionSchoolClassView.swift; sourceTree = "<group>"; };
/* End PBXFileReference section */

/* Begin PBXFrameworksBuildPhase section */
		CF9E11EC29C35C5E00D3541E /* Frameworks */ = {
			isa = PBXFrameworksBuildPhase;
			buildActionMask = 2147483647;
			files = (
				CFB7950029CB590A0021C9B7 /* SwiftCSV in Frameworks */,
				CF9E120329C5DDD700D3541E /* Defaults in Frameworks */,
				CFB7950829CC66D10021C9B7 /* SPIndicator in Frameworks */,
			);
			runOnlyForDeploymentPostprocessing = 0;
		};
/* End PBXFrameworksBuildPhase section */

/* Begin PBXGroup section */
		B9B5C4C81D1D494700777BD9 = {
			isa = PBXGroup;
			children = (
				CF9E11FD29C5D99A00D3541E /* Shared */,
				CF9E11F029C35C5E00D3541E /* ELG */,
				B9B5C4D21D1D494800777BD9 /* Products */,
			);
			sourceTree = "<group>";
		};
		B9B5C4D21D1D494800777BD9 /* Products */ = {
			isa = PBXGroup;
			children = (
				CF9E11EF29C35C5E00D3541E /* ELG.app */,
			);
			name = Products;
			sourceTree = "<group>";
		};
		CF9E11F029C35C5E00D3541E /* ELG */ = {
			isa = PBXGroup;
			children = (
				CFB7950529CC54D40021C9B7 /* Info.plist */,
				CF9E120429C5DE0A00D3541E /* ELG.entitlements */,
				CF9E11F129C35C5E00D3541E /* ELGApp.swift */,
				CF9E11F329C35C5E00D3541E /* ContentView.swift */,
				CF9E11F529C35C5F00D3541E /* Assets.xcassets */,
				CF9E11F729C35C5F00D3541E /* Preview Content */,
			);
			path = ELG;
			sourceTree = "<group>";
		};
		CF9E11F729C35C5F00D3541E /* Preview Content */ = {
			isa = PBXGroup;
			children = (
				CF9E11F829C35C5F00D3541E /* Preview Assets.xcassets */,
			);
			path = "Preview Content";
			sourceTree = "<group>";
		};
		CF9E11FD29C5D99A00D3541E /* Shared */ = {
			isa = PBXGroup;
			children = (
				CFB794FB29CB58590021C9B7 /* Classes */,
				CF9E120529C5DE6800D3541E /* Data */,
				CF9E120A29C5F59400D3541E /* Models */,
				CF9E11FE29C5D9A700D3541E /* Views */,
				CFB794F229CB17D10021C9B7 /* Styles */,
			);
			path = Shared;
			sourceTree = "<group>";
		};
		CF9E11FE29C5D9A700D3541E /* Views */ = {
			isa = PBXGroup;
			children = (
				CF9E11FF29C5D9FD00D3541E /* ScheduleWeekdayView.swift */,
				CF9E120829C5F50F00D3541E /* ScheduleView.swift */,
				CF9E121529C659A800D3541E /* SubjectView.swift */,
				CFB794F729CB309A0021C9B7 /* ScheduleListItemView.swift */,
				CFB794F929CB53D20021C9B7 /* SubstitutionView.swift */,
				CFB7950929CC8C970021C9B7 /* SubstitutionItemCard.swift */,
				CFB7950B29CC945E0021C9B7 /* SubstitutionSchoolClassView.swift */,
			);
			path = Views;
			sourceTree = "<group>";
		};
		CF9E120529C5DE6800D3541E /* Data */ = {
			isa = PBXGroup;
			children = (
				CF9E121329C6113F00D3541E /* Subjects.swift */,
			);
			path = Data;
			sourceTree = "<group>";
		};
		CF9E120A29C5F59400D3541E /* Models */ = {
			isa = PBXGroup;
			children = (
				CF9E120B29C5F5BA00D3541E /* Weekday.swift */,
				CF9E120D29C5FB3B00D3541E /* Schedule.swift */,
				CF9E120F29C5FB8E00D3541E /* ScheduleItem.swift */,
				CF9E121129C5FCBB00D3541E /* SubstitutionItem.swift */,
				CFB7950329CB6B450021C9B7 /* SubstitutionsError.swift */,
			);
			path = Models;
			sourceTree = "<group>";
		};
		CFB794F229CB17D10021C9B7 /* Styles */ = {
			isa = PBXGroup;
			children = (
			);
			path = Styles;
			sourceTree = "<group>";
		};
		CFB794FB29CB58590021C9B7 /* Classes */ = {
			isa = PBXGroup;
			children = (
				CFB794F029CA0A1F0021C9B7 /* ScheduleCollection.swift */,
				CFB794FC29CB58A20021C9B7 /* Substitutions.swift */,
				CFB7950129CB66F20021C9B7 /* NetworkMonitor.swift */,
			);
			path = Classes;
			sourceTree = "<group>";
		};
/* End PBXGroup section */

/* Begin PBXNativeTarget section */
		CF9E11EE29C35C5E00D3541E /* ELG */ = {
			isa = PBXNativeTarget;
			buildConfigurationList = CF9E11FA29C35C5F00D3541E /* Build configuration list for PBXNativeTarget "ELG" */;
			buildPhases = (
				CF9E11EB29C35C5E00D3541E /* Sources */,
				CF9E11EC29C35C5E00D3541E /* Frameworks */,
				CF9E11ED29C35C5E00D3541E /* Resources */,
			);
			buildRules = (
			);
			dependencies = (
			);
			name = ELG;
			packageProductDependencies = (
				CF9E120229C5DDD700D3541E /* Defaults */,
				CFB794FF29CB590A0021C9B7 /* SwiftCSV */,
				CFB7950729CC66D10021C9B7 /* SPIndicator */,
			);
			productName = ELG;
			productReference = CF9E11EF29C35C5E00D3541E /* ELG.app */;
			productType = "com.apple.product-type.application";
		};
/* End PBXNativeTarget section */

/* Begin PBXProject section */
		B9B5C4C91D1D494700777BD9 /* Project object */ = {
			isa = PBXProject;
			attributes = {
				LastSwiftUpdateCheck = 1420;
				LastUpgradeCheck = 1420;
				ORGANIZATIONNAME = "Elisabeth-Gymnasium Halle";
				TargetAttributes = {
					CF9E11EE29C35C5E00D3541E = {
						CreatedOnToolsVersion = 14.2;
					};
				};
			};
			buildConfigurationList = B9B5C4CC1D1D494700777BD9 /* Build configuration list for PBXProject "ELG" */;
			compatibilityVersion = "Xcode 3.2";
			developmentRegion = en;
			hasScannedForEncodings = 0;
			knownRegions = (
				en,
				Base,
			);
			mainGroup = B9B5C4C81D1D494700777BD9;
			packageReferences = (
				CF9E120129C5DDD700D3541E /* XCRemoteSwiftPackageReference "Defaults" */,
				CFB794FE29CB590A0021C9B7 /* XCRemoteSwiftPackageReference "SwiftCSV" */,
				CFB7950629CC66D10021C9B7 /* XCRemoteSwiftPackageReference "SPIndicator" */,
			);
			productRefGroup = B9B5C4D21D1D494800777BD9 /* Products */;
			projectDirPath = "";
			projectRoot = "";
			targets = (
				CF9E11EE29C35C5E00D3541E /* ELG */,
			);
		};
/* End PBXProject section */

/* Begin PBXResourcesBuildPhase section */
		CF9E11ED29C35C5E00D3541E /* Resources */ = {
			isa = PBXResourcesBuildPhase;
			buildActionMask = 2147483647;
			files = (
				CF9E11F929C35C5F00D3541E /* Preview Assets.xcassets in Resources */,
				CF9E11F629C35C5F00D3541E /* Assets.xcassets in Resources */,
			);
			runOnlyForDeploymentPostprocessing = 0;
		};
/* End PBXResourcesBuildPhase section */

/* Begin PBXSourcesBuildPhase section */
		CF9E11EB29C35C5E00D3541E /* Sources */ = {
			isa = PBXSourcesBuildPhase;
			buildActionMask = 2147483647;
			files = (
				CFB794F129CA0A1F0021C9B7 /* ScheduleCollection.swift in Sources */,
				CF9E121429C6113F00D3541E /* Subjects.swift in Sources */,
				CF9E120E29C5FB3B00D3541E /* Schedule.swift in Sources */,
				CFB794FA29CB53D20021C9B7 /* SubstitutionView.swift in Sources */,
				CF9E120C29C5F5BA00D3541E /* Weekday.swift in Sources */,
				CF9E11F429C35C5E00D3541E /* ContentView.swift in Sources */,
				CFB794FD29CB58A20021C9B7 /* Substitutions.swift in Sources */,
				CF9E121029C5FB8E00D3541E /* ScheduleItem.swift in Sources */,
				CFB7950229CB66F20021C9B7 /* NetworkMonitor.swift in Sources */,
				CF9E120929C5F50F00D3541E /* ScheduleView.swift in Sources */,
				CFB794F829CB309A0021C9B7 /* ScheduleListItemView.swift in Sources */,
				CF9E121229C5FCBB00D3541E /* SubstitutionItem.swift in Sources */,
				CFB7950A29CC8C970021C9B7 /* SubstitutionItemCard.swift in Sources */,
				CF9E121629C659A800D3541E /* SubjectView.swift in Sources */,
				CFB7950429CB6B450021C9B7 /* SubstitutionsError.swift in Sources */,
				CF9E11F229C35C5E00D3541E /* ELGApp.swift in Sources */,
				CFB7950C29CC945E0021C9B7 /* SubstitutionSchoolClassView.swift in Sources */,
				CF9E120029C5D9FD00D3541E /* ScheduleWeekdayView.swift in Sources */,
			);
			runOnlyForDeploymentPostprocessing = 0;
		};
/* End PBXSourcesBuildPhase section */

/* Begin XCBuildConfiguration section */
		B9B5C4E31D1D494800777BD9 /* Debug */ = {
			isa = XCBuildConfiguration;
			buildSettings = {
				ALWAYS_SEARCH_USER_PATHS = NO;
				CLANG_ANALYZER_NONNULL = YES;
				CLANG_CXX_LANGUAGE_STANDARD = "gnu++0x";
				CLANG_CXX_LIBRARY = "libc++";
				CLANG_ENABLE_MODULES = YES;
				CLANG_ENABLE_OBJC_ARC = YES;
				CLANG_WARN_BLOCK_CAPTURE_AUTORELEASING = YES;
				CLANG_WARN_BOOL_CONVERSION = YES;
				CLANG_WARN_COMMA = YES;
				CLANG_WARN_CONSTANT_CONVERSION = YES;
				CLANG_WARN_DEPRECATED_OBJC_IMPLEMENTATIONS = YES;
				CLANG_WARN_DIRECT_OBJC_ISA_USAGE = YES_ERROR;
				CLANG_WARN_EMPTY_BODY = YES;
				CLANG_WARN_ENUM_CONVERSION = YES;
				CLANG_WARN_INFINITE_RECURSION = YES;
				CLANG_WARN_INT_CONVERSION = YES;
				CLANG_WARN_NON_LITERAL_NULL_CONVERSION = YES;
				CLANG_WARN_OBJC_IMPLICIT_RETAIN_SELF = YES;
				CLANG_WARN_OBJC_LITERAL_CONVERSION = YES;
				CLANG_WARN_OBJC_ROOT_CLASS = YES_ERROR;
				CLANG_WARN_QUOTED_INCLUDE_IN_FRAMEWORK_HEADER = YES;
				CLANG_WARN_RANGE_LOOP_ANALYSIS = YES;
				CLANG_WARN_STRICT_PROTOTYPES = YES;
				CLANG_WARN_SUSPICIOUS_MOVE = YES;
				CLANG_WARN_UNREACHABLE_CODE = YES;
				CLANG_WARN__DUPLICATE_METHOD_MATCH = YES;
				CODE_SIGN_IDENTITY = "Apple Development";
				"CODE_SIGN_IDENTITY[sdk=iphoneos*]" = "Apple Development";
				COPY_PHASE_STRIP = NO;
				DEBUG_INFORMATION_FORMAT = dwarf;
				ENABLE_STRICT_OBJC_MSGSEND = YES;
				ENABLE_TESTABILITY = YES;
				GCC_C_LANGUAGE_STANDARD = gnu99;
				GCC_DYNAMIC_NO_PIC = NO;
				GCC_NO_COMMON_BLOCKS = YES;
				GCC_OPTIMIZATION_LEVEL = 0;
				GCC_PREPROCESSOR_DEFINITIONS = (
					"DEBUG=1",
					"$(inherited)",
				);
				GCC_WARN_64_TO_32_BIT_CONVERSION = YES;
				GCC_WARN_ABOUT_RETURN_TYPE = YES_ERROR;
				GCC_WARN_UNDECLARED_SELECTOR = YES;
				GCC_WARN_UNINITIALIZED_AUTOS = YES_AGGRESSIVE;
				GCC_WARN_UNUSED_FUNCTION = YES;
				GCC_WARN_UNUSED_VARIABLE = YES;
				IPHONEOS_DEPLOYMENT_TARGET = 15.0;
				MTL_ENABLE_DEBUG_INFO = YES;
				ONLY_ACTIVE_ARCH = YES;
				SDKROOT = iphoneos;
				SWIFT_OPTIMIZATION_LEVEL = "-Onone";
				SWIFT_SWIFT3_OBJC_INFERENCE = Default;
				TARGETED_DEVICE_FAMILY = "1,2";
			};
			name = Debug;
		};
		B9B5C4E41D1D494800777BD9 /* Release */ = {
			isa = XCBuildConfiguration;
			buildSettings = {
				ALWAYS_SEARCH_USER_PATHS = NO;
				CLANG_ANALYZER_NONNULL = YES;
				CLANG_CXX_LANGUAGE_STANDARD = "gnu++0x";
				CLANG_CXX_LIBRARY = "libc++";
				CLANG_ENABLE_MODULES = YES;
				CLANG_ENABLE_OBJC_ARC = YES;
				CLANG_WARN_BLOCK_CAPTURE_AUTORELEASING = YES;
				CLANG_WARN_BOOL_CONVERSION = YES;
				CLANG_WARN_COMMA = YES;
				CLANG_WARN_CONSTANT_CONVERSION = YES;
				CLANG_WARN_DEPRECATED_OBJC_IMPLEMENTATIONS = YES;
				CLANG_WARN_DIRECT_OBJC_ISA_USAGE = YES_ERROR;
				CLANG_WARN_EMPTY_BODY = YES;
				CLANG_WARN_ENUM_CONVERSION = YES;
				CLANG_WARN_INFINITE_RECURSION = YES;
				CLANG_WARN_INT_CONVERSION = YES;
				CLANG_WARN_NON_LITERAL_NULL_CONVERSION = YES;
				CLANG_WARN_OBJC_IMPLICIT_RETAIN_SELF = YES;
				CLANG_WARN_OBJC_LITERAL_CONVERSION = YES;
				CLANG_WARN_OBJC_ROOT_CLASS = YES_ERROR;
				CLANG_WARN_QUOTED_INCLUDE_IN_FRAMEWORK_HEADER = YES;
				CLANG_WARN_RANGE_LOOP_ANALYSIS = YES;
				CLANG_WARN_STRICT_PROTOTYPES = YES;
				CLANG_WARN_SUSPICIOUS_MOVE = YES;
				CLANG_WARN_UNREACHABLE_CODE = YES;
				CLANG_WARN__DUPLICATE_METHOD_MATCH = YES;
				CODE_SIGN_IDENTITY = "Apple Development";
				"CODE_SIGN_IDENTITY[sdk=iphoneos*]" = "Apple Development";
				COPY_PHASE_STRIP = NO;
				DEBUG_INFORMATION_FORMAT = "dwarf-with-dsym";
				ENABLE_NS_ASSERTIONS = NO;
				ENABLE_STRICT_OBJC_MSGSEND = YES;
				GCC_C_LANGUAGE_STANDARD = gnu99;
				GCC_NO_COMMON_BLOCKS = YES;
				GCC_WARN_64_TO_32_BIT_CONVERSION = YES;
				GCC_WARN_ABOUT_RETURN_TYPE = YES_ERROR;
				GCC_WARN_UNDECLARED_SELECTOR = YES;
				GCC_WARN_UNINITIALIZED_AUTOS = YES_AGGRESSIVE;
				GCC_WARN_UNUSED_FUNCTION = YES;
				GCC_WARN_UNUSED_VARIABLE = YES;
				IPHONEOS_DEPLOYMENT_TARGET = 15.0;
				MTL_ENABLE_DEBUG_INFO = NO;
				SDKROOT = iphoneos;
				SWIFT_COMPILATION_MODE = wholemodule;
				SWIFT_OPTIMIZATION_LEVEL = "-O";
				SWIFT_SWIFT3_OBJC_INFERENCE = Default;
				TARGETED_DEVICE_FAMILY = "1,2";
				VALIDATE_PRODUCT = YES;
			};
			name = Release;
		};
		CF9E11FB29C35C5F00D3541E /* Debug */ = {
			isa = XCBuildConfiguration;
			buildSettings = {
				ASSETCATALOG_COMPILER_APPICON_NAME = AppIcon;
				ASSETCATALOG_COMPILER_GLOBAL_ACCENT_COLOR_NAME = AccentColor;
				CLANG_ANALYZER_NUMBER_OBJECT_CONVERSION = YES_AGGRESSIVE;
				CLANG_CXX_LANGUAGE_STANDARD = "gnu++20";
				CLANG_ENABLE_OBJC_WEAK = YES;
				CLANG_WARN_DOCUMENTATION_COMMENTS = YES;
				CLANG_WARN_UNGUARDED_AVAILABILITY = YES_AGGRESSIVE;
				CODE_SIGN_ENTITLEMENTS = ELG/ELG.entitlements;
				CODE_SIGN_STYLE = Automatic;
				CURRENT_PROJECT_VERSION = 1;
				DEVELOPMENT_ASSET_PATHS = "\"ELG/Preview Content\"";
				DEVELOPMENT_TEAM = TRLMQKJQ97;
				ENABLE_PREVIEWS = YES;
				GCC_C_LANGUAGE_STANDARD = gnu11;
				GENERATE_INFOPLIST_FILE = YES;
				INFOPLIST_FILE = ELG/Info.plist;
				INFOPLIST_KEY_LSApplicationCategoryType = "public.app-category.education";
				INFOPLIST_KEY_UIApplicationSceneManifest_Generation = YES;
				INFOPLIST_KEY_UIApplicationSupportsIndirectInputEvents = YES;
				INFOPLIST_KEY_UILaunchScreen_Generation = YES;
				INFOPLIST_KEY_UISupportedInterfaceOrientations_iPad = "UIInterfaceOrientationPortrait UIInterfaceOrientationPortraitUpsideDown UIInterfaceOrientationLandscapeLeft UIInterfaceOrientationLandscapeRight";
				INFOPLIST_KEY_UISupportedInterfaceOrientations_iPhone = "UIInterfaceOrientationPortrait UIInterfaceOrientationLandscapeLeft UIInterfaceOrientationLandscapeRight";
				IPHONEOS_DEPLOYMENT_TARGET = 15.0;
				LD_RUNPATH_SEARCH_PATHS = (
					"$(inherited)",
					"@executable_path/Frameworks",
				);
				MARKETING_VERSION = 4.0;
				MTL_ENABLE_DEBUG_INFO = INCLUDE_SOURCE;
				MTL_FAST_MATH = YES;
				PRODUCT_BUNDLE_IDENTIFIER = com.hardykrause.ELG;
				PRODUCT_NAME = "$(TARGET_NAME)";
				SWIFT_ACTIVE_COMPILATION_CONDITIONS = DEBUG;
				SWIFT_EMIT_LOC_STRINGS = YES;
				SWIFT_VERSION = 5.0;
				TARGETED_DEVICE_FAMILY = "1,2";
			};
			name = Debug;
		};
		CF9E11FC29C35C5F00D3541E /* Release */ = {
			isa = XCBuildConfiguration;
			buildSettings = {
				ASSETCATALOG_COMPILER_APPICON_NAME = AppIcon;
				ASSETCATALOG_COMPILER_GLOBAL_ACCENT_COLOR_NAME = AccentColor;
				CLANG_ANALYZER_NUMBER_OBJECT_CONVERSION = YES_AGGRESSIVE;
				CLANG_CXX_LANGUAGE_STANDARD = "gnu++20";
				CLANG_ENABLE_OBJC_WEAK = YES;
				CLANG_WARN_DOCUMENTATION_COMMENTS = YES;
				CLANG_WARN_UNGUARDED_AVAILABILITY = YES_AGGRESSIVE;
				CODE_SIGN_ENTITLEMENTS = ELG/ELG.entitlements;
				CODE_SIGN_STYLE = Automatic;
				CURRENT_PROJECT_VERSION = 1;
				DEVELOPMENT_ASSET_PATHS = "\"ELG/Preview Content\"";
				DEVELOPMENT_TEAM = TRLMQKJQ97;
				ENABLE_PREVIEWS = YES;
				GCC_C_LANGUAGE_STANDARD = gnu11;
				GENERATE_INFOPLIST_FILE = YES;
				INFOPLIST_FILE = ELG/Info.plist;
				INFOPLIST_KEY_LSApplicationCategoryType = "public.app-category.education";
				INFOPLIST_KEY_UIApplicationSceneManifest_Generation = YES;
				INFOPLIST_KEY_UIApplicationSupportsIndirectInputEvents = YES;
				INFOPLIST_KEY_UILaunchScreen_Generation = YES;
				INFOPLIST_KEY_UISupportedInterfaceOrientations_iPad = "UIInterfaceOrientationPortrait UIInterfaceOrientationPortraitUpsideDown UIInterfaceOrientationLandscapeLeft UIInterfaceOrientationLandscapeRight";
				INFOPLIST_KEY_UISupportedInterfaceOrientations_iPhone = "UIInterfaceOrientationPortrait UIInterfaceOrientationLandscapeLeft UIInterfaceOrientationLandscapeRight";
				IPHONEOS_DEPLOYMENT_TARGET = 15.0;
				LD_RUNPATH_SEARCH_PATHS = (
					"$(inherited)",
					"@executable_path/Frameworks",
				);
				MARKETING_VERSION = 4.0;
				MTL_FAST_MATH = YES;
				PRODUCT_BUNDLE_IDENTIFIER = com.hardykrause.ELG;
				PRODUCT_NAME = "$(TARGET_NAME)";
				SWIFT_EMIT_LOC_STRINGS = YES;
				SWIFT_VERSION = 5.0;
				TARGETED_DEVICE_FAMILY = "1,2";
			};
			name = Release;
		};
/* End XCBuildConfiguration section */

/* Begin XCConfigurationList section */
		B9B5C4CC1D1D494700777BD9 /* Build configuration list for PBXProject "ELG" */ = {
			isa = XCConfigurationList;
			buildConfigurations = (
				B9B5C4E31D1D494800777BD9 /* Debug */,
				B9B5C4E41D1D494800777BD9 /* Release */,
			);
			defaultConfigurationIsVisible = 0;
			defaultConfigurationName = Release;
		};
		CF9E11FA29C35C5F00D3541E /* Build configuration list for PBXNativeTarget "ELG" */ = {
			isa = XCConfigurationList;
			buildConfigurations = (
				CF9E11FB29C35C5F00D3541E /* Debug */,
				CF9E11FC29C35C5F00D3541E /* Release */,
			);
			defaultConfigurationIsVisible = 0;
			defaultConfigurationName = Release;
		};
/* End XCConfigurationList section */

/* Begin XCRemoteSwiftPackageReference section */
		CF9E120129C5DDD700D3541E /* XCRemoteSwiftPackageReference "Defaults" */ = {
			isa = XCRemoteSwiftPackageReference;
			repositoryURL = "https://github.com/sindresorhus/Defaults";
			requirement = {
				branch = main;
				kind = branch;
			};
		};
		CFB794FE29CB590A0021C9B7 /* XCRemoteSwiftPackageReference "SwiftCSV" */ = {
			isa = XCRemoteSwiftPackageReference;
			repositoryURL = "https://github.com/swiftcsv/SwiftCSV.git";
			requirement = {
				kind = upToNextMajorVersion;
				minimumVersion = 0.8.1;
			};
		};
		CFB7950629CC66D10021C9B7 /* XCRemoteSwiftPackageReference "SPIndicator" */ = {
			isa = XCRemoteSwiftPackageReference;
			repositoryURL = "https://github.com/ivanvorobei/SPIndicator";
			requirement = {
				kind = upToNextMajorVersion;
				minimumVersion = 1.6.0;
			};
		};
/* End XCRemoteSwiftPackageReference section */

/* Begin XCSwiftPackageProductDependency section */
		CF9E120229C5DDD700D3541E /* Defaults */ = {
			isa = XCSwiftPackageProductDependency;
			package = CF9E120129C5DDD700D3541E /* XCRemoteSwiftPackageReference "Defaults" */;
			productName = Defaults;
		};
		CFB794FF29CB590A0021C9B7 /* SwiftCSV */ = {
			isa = XCSwiftPackageProductDependency;
			package = CFB794FE29CB590A0021C9B7 /* XCRemoteSwiftPackageReference "SwiftCSV" */;
			productName = SwiftCSV;
		};
		CFB7950729CC66D10021C9B7 /* SPIndicator */ = {
			isa = XCSwiftPackageProductDependency;
			package = CFB7950629CC66D10021C9B7 /* XCRemoteSwiftPackageReference "SPIndicator" */;
			productName = SPIndicator;
		};
/* End XCSwiftPackageProductDependency section */
	};
	rootObject = B9B5C4C91D1D494700777BD9 /* Project object */;
}
