// !$*UTF8*$!
{
	archiveVersion = 1;
	classes = {
	};
	objectVersion = 52;
	objects = {

/* Begin PBXBuildFile section */
		B913C91B1E0B1E190061B531 /* NotificationCenter.framework in Frameworks */ = {isa = PBXBuildFile; fileRef = B913C91A1E0B1E190061B531 /* NotificationCenter.framework */; };
		B913C91E1E0B1E190061B531 /* TodayViewController.swift in Sources */ = {isa = PBXBuildFile; fileRef = B913C91D1E0B1E190061B531 /* TodayViewController.swift */; };
		B913C9211E0B1E190061B531 /* MainWidget.storyboard in Resources */ = {isa = PBXBuildFile; fileRef = B913C91F1E0B1E190061B531 /* MainWidget.storyboard */; };
		B913C9251E0B1E190061B531 /* OmissionsWidget.appex in Embed App Extensions */ = {isa = PBXBuildFile; fileRef = B913C9181E0B1E190061B531 /* OmissionsWidget.appex */; settings = {ATTRIBUTES = (RemoveHeadersOnCopy, ); }; };
		B913C9321E0B22F10061B531 /* Reachability.m in Sources */ = {isa = PBXBuildFile; fileRef = B913C9311E0B22F10061B531 /* Reachability.m */; };
		B91DB9FF1E07165000D1EC86 /* OpenSource.html in Resources */ = {isa = PBXBuildFile; fileRef = B91DB9FE1E07165000D1EC86 /* OpenSource.html */; };
		B91DBA011E071A1300D1EC86 /* Imprint.html in Resources */ = {isa = PBXBuildFile; fileRef = B91DBA001E071A1300D1EC86 /* Imprint.html */; };
		B9562A6E1D4126B3001BD19E /* OmissionsViewController.swift in Sources */ = {isa = PBXBuildFile; fileRef = B9562A6D1D4126B3001BD19E /* OmissionsViewController.swift */; };
		B960D7811D35464E00BCA477 /* EditScheduleViewController.swift in Sources */ = {isa = PBXBuildFile; fileRef = B960D7801D35464E00BCA477 /* EditScheduleViewController.swift */; };
		B960D7831D3547FA00BCA477 /* EditLessonsViewController.swift in Sources */ = {isa = PBXBuildFile; fileRef = B960D7821D3547FA00BCA477 /* EditLessonsViewController.swift */; };
		B960D7851D37F68F00BCA477 /* SubjectsViewController.swift in Sources */ = {isa = PBXBuildFile; fileRef = B960D7841D37F68F00BCA477 /* SubjectsViewController.swift */; };
		B972692E1DEB0292006819D3 /* AboutViewController.swift in Sources */ = {isa = PBXBuildFile; fileRef = B972692D1DEB0292006819D3 /* AboutViewController.swift */; };
		B982C8781D5DF35600B021C9 /* OmissionsTableViewCell.swift in Sources */ = {isa = PBXBuildFile; fileRef = B982C8771D5DF35600B021C9 /* OmissionsTableViewCell.swift */; };
		B98C637D1E193E7100B515E6 /* OnboardingViewController.swift in Sources */ = {isa = PBXBuildFile; fileRef = B98C637C1E193E7100B515E6 /* OnboardingViewController.swift */; };
		B9B5C4D51D1D494800777BD9 /* AppDelegate.swift in Sources */ = {isa = PBXBuildFile; fileRef = B9B5C4D41D1D494800777BD9 /* AppDelegate.swift */; };
		B9B5C4D71D1D494800777BD9 /* MasterViewController.swift in Sources */ = {isa = PBXBuildFile; fileRef = B9B5C4D61D1D494800777BD9 /* MasterViewController.swift */; };
		B9B5C4DC1D1D494800777BD9 /* Main.storyboard in Resources */ = {isa = PBXBuildFile; fileRef = B9B5C4DA1D1D494800777BD9 /* Main.storyboard */; };
		B9B5C4DE1D1D494800777BD9 /* Assets.xcassets in Resources */ = {isa = PBXBuildFile; fileRef = B9B5C4DD1D1D494800777BD9 /* Assets.xcassets */; };
		B9B5C4E11D1D494800777BD9 /* LaunchScreen.storyboard in Resources */ = {isa = PBXBuildFile; fileRef = B9B5C4DF1D1D494800777BD9 /* LaunchScreen.storyboard */; };
		B9B5C4F71D1FA6D000777BD9 /* NoConnection.html in Resources */ = {isa = PBXBuildFile; fileRef = B9B5C4F61D1FA6D000777BD9 /* NoConnection.html */; };
		B9B5C4FB1D1FFF6100777BD9 /* LessonsViewController.swift in Sources */ = {isa = PBXBuildFile; fileRef = B9B5C4FA1D1FFF6100777BD9 /* LessonsViewController.swift */; };
		B9BDBA091DE1C00A0025E30A /* SetStartViewController.swift in Sources */ = {isa = PBXBuildFile; fileRef = B9BDBA081DE1C00A0025E30A /* SetStartViewController.swift */; };
		B9BDBA0B1DE22EED0025E30A /* TeacherModeViewController.swift in Sources */ = {isa = PBXBuildFile; fileRef = B9BDBA0A1DE22EED0025E30A /* TeacherModeViewController.swift */; };
		B9CBF5711D5F332B00F67682 /* FoerdervereinArticleViewController.swift in Sources */ = {isa = PBXBuildFile; fileRef = B9CBF5701D5F332B00F67682 /* FoerdervereinArticleViewController.swift */; };
		B9CBF5751D60493D00F67682 /* GradeViewController.swift in Sources */ = {isa = PBXBuildFile; fileRef = B9CBF5741D60493D00F67682 /* GradeViewController.swift */; };
		B9CBF57C1D60CFBB00F67682 /* TextFieldTableViewCell.swift in Sources */ = {isa = PBXBuildFile; fileRef = B9CBF57A1D60CFBB00F67682 /* TextFieldTableViewCell.swift */; };
		B9CBF57D1D60CFBB00F67682 /* TextFieldTableViewCell.xib in Resources */ = {isa = PBXBuildFile; fileRef = B9CBF57B1D60CFBB00F67682 /* TextFieldTableViewCell.xib */; };
		B9CBF5841D61D90C00F67682 /* WebKit.framework in Frameworks */ = {isa = PBXBuildFile; fileRef = B9CBF5831D61D90C00F67682 /* WebKit.framework */; };
		B9CCE7D61D20FE3B00F44447 /* WebScheduleViewController.swift in Sources */ = {isa = PBXBuildFile; fileRef = B9CCE7D51D20FE3B00F44447 /* WebScheduleViewController.swift */; };
		B9DEB5691DEB102F00B700AE /* AboutWebViewController.swift in Sources */ = {isa = PBXBuildFile; fileRef = B9DEB5681DEB102F00B700AE /* AboutWebViewController.swift */; };
		B9F73BFA1DEDFE77004F3470 /* MessageUI.framework in Frameworks */ = {isa = PBXBuildFile; fileRef = B9F73BF91DEDFE77004F3470 /* MessageUI.framework */; };
		B9F73BFC1DEE01F9004F3470 /* ReleaseNotes.html in Resources */ = {isa = PBXBuildFile; fileRef = B9F73BFB1DEE01F9004F3470 /* ReleaseNotes.html */; };
		B9FB652D1DF5FEB3009B7D13 /* DetailViewController.swift in Sources */ = {isa = PBXBuildFile; fileRef = B9FB652C1DF5FEB3009B7D13 /* DetailViewController.swift */; };
		CF1DD7DA1F753972006AA41B /* SimpleFeedTableViewCell.swift in Sources */ = {isa = PBXBuildFile; fileRef = CF1DD7D91F753972006AA41B /* SimpleFeedTableViewCell.swift */; };
		CF22A0901F6FD6E700B0ECC4 /* GenericNavigationController.swift in Sources */ = {isa = PBXBuildFile; fileRef = CF22A08F1F6FD6E700B0ECC4 /* GenericNavigationController.swift */; };
		CF2A0EF91F4EA42000C5105A /* ActionSheetPresentationControllerSectionView.swift in Sources */ = {isa = PBXBuildFile; fileRef = CF2A0EF81F4EA42000C5105A /* ActionSheetPresentationControllerSectionView.swift */; };
		CF2A0EFB1F4EA52F00C5105A /* ActionSheetPresentationControllerPickerViewController.swift in Sources */ = {isa = PBXBuildFile; fileRef = CF2A0EFA1F4EA52F00C5105A /* ActionSheetPresentationControllerPickerViewController.swift */; };
		CF40B5341F28602900FB8ADC /* PickerTableViewCell.swift in Sources */ = {isa = PBXBuildFile; fileRef = CF40B5331F28602900FB8ADC /* PickerTableViewCell.swift */; };
		CF40B53A1F2B7CE100FB8ADC /* UIImage+Shadow.swift in Sources */ = {isa = PBXBuildFile; fileRef = CF40B5391F2B7CE100FB8ADC /* UIImage+Shadow.swift */; };
		CF40B53C1F2BCD8A00FB8ADC /* FloatingView.swift in Sources */ = {isa = PBXBuildFile; fileRef = CF40B53B1F2BCD8A00FB8ADC /* FloatingView.swift */; };
		CF46BECE1F70FA1D00ABEA66 /* NoConnectionView.swift in Sources */ = {isa = PBXBuildFile; fileRef = CF46BECD1F70FA1D00ABEA66 /* NoConnectionView.swift */; };
		CF52488E24E988A000EDCF3D /* TabBarController.swift in Sources */ = {isa = PBXBuildFile; fileRef = CF52488D24E988A000EDCF3D /* TabBarController.swift */; };
		CF52489024E9890C00EDCF3D /* SplitViewController.swift in Sources */ = {isa = PBXBuildFile; fileRef = CF52488F24E9890C00EDCF3D /* SplitViewController.swift */; };
		CF52489624E990D200EDCF3D /* NewsTabViewController.swift in Sources */ = {isa = PBXBuildFile; fileRef = CF52489524E990D200EDCF3D /* NewsTabViewController.swift */; };
		CF52489824E9915000EDCF3D /* ScheduleViewController.swift in Sources */ = {isa = PBXBuildFile; fileRef = CF52489724E9915000EDCF3D /* ScheduleViewController.swift */; };
		CF52489A24E9921E00EDCF3D /* ScheduleCollectionViewController.swift in Sources */ = {isa = PBXBuildFile; fileRef = CF52489924E9921E00EDCF3D /* ScheduleCollectionViewController.swift */; };
		CF52489C24E9925400EDCF3D /* CoverPlanViewController.swift in Sources */ = {isa = PBXBuildFile; fileRef = CF52489B24E9925400EDCF3D /* CoverPlanViewController.swift */; };
		CF52489E24E992A400EDCF3D /* SettingsViewController.swift in Sources */ = {isa = PBXBuildFile; fileRef = CF52489D24E992A400EDCF3D /* SettingsViewController.swift */; };
		CF5248A624E9998C00EDCF3D /* Localizable.strings in Resources */ = {isa = PBXBuildFile; fileRef = CF5248A424E9998C00EDCF3D /* Localizable.strings */; };
		CF5248A924E99B5400EDCF3D /* NewsViewController.swift in Sources */ = {isa = PBXBuildFile; fileRef = CF5248A824E99B5400EDCF3D /* NewsViewController.swift */; };
		CF5248AB24E99B8B00EDCF3D /* FoerdervereinViewController.swift in Sources */ = {isa = PBXBuildFile; fileRef = CF5248AA24E99B8B00EDCF3D /* FoerdervereinViewController.swift */; };
		CF5248AD24E99BBE00EDCF3D /* ElizeViewController.swift in Sources */ = {isa = PBXBuildFile; fileRef = CF5248AC24E99BBE00EDCF3D /* ElizeViewController.swift */; };
		CF5EB0DE2468492100E5D144 /* ColorCompatibility in Frameworks */ = {isa = PBXBuildFile; productRef = CF5EB0DD2468492100E5D144 /* ColorCompatibility */; };
		CF5EB0E02468492500E5D144 /* SWXMLHash in Frameworks */ = {isa = PBXBuildFile; productRef = CF5EB0DF2468492500E5D144 /* SWXMLHash */; };
		CF5EBF642469C86E0099E3BE /* MainLegacy.storyboard in Resources */ = {isa = PBXBuildFile; fileRef = CF5EBF622469C86E0099E3BE /* MainLegacy.storyboard */; };
		CF63C0031F6059F900A67315 /* FeedTableViewCell.swift in Sources */ = {isa = PBXBuildFile; fileRef = CF63C0021F6059F900A67315 /* FeedTableViewCell.swift */; };
		CF785D591F4FFA3B00FAA90F /* _OALayoutGuide.m in Sources */ = {isa = PBXBuildFile; fileRef = CF785D481F4FFA3B00FAA90F /* _OALayoutGuide.m */; };
		CF785D5A1F4FFA3B00FAA90F /* OAStackView.m in Sources */ = {isa = PBXBuildFile; fileRef = CF785D4A1F4FFA3B00FAA90F /* OAStackView.m */; };
		CF785D5B1F4FFA3B00FAA90F /* OAStackView+Constraint.m in Sources */ = {isa = PBXBuildFile; fileRef = CF785D4C1F4FFA3B00FAA90F /* OAStackView+Constraint.m */; };
		CF785D5C1F4FFA3B00FAA90F /* OAStackView+Hiding.m in Sources */ = {isa = PBXBuildFile; fileRef = CF785D4E1F4FFA3B00FAA90F /* OAStackView+Hiding.m */; };
		CF785D5D1F4FFA3B00FAA90F /* OAStackView+Traversal.m in Sources */ = {isa = PBXBuildFile; fileRef = CF785D501F4FFA3B00FAA90F /* OAStackView+Traversal.m */; };
		CF785D5E1F4FFA3B00FAA90F /* OAStackViewAlignmentStrategy.m in Sources */ = {isa = PBXBuildFile; fileRef = CF785D521F4FFA3B00FAA90F /* OAStackViewAlignmentStrategy.m */; };
		CF785D5F1F4FFA3B00FAA90F /* OAStackViewAlignmentStrategyBaseline.m in Sources */ = {isa = PBXBuildFile; fileRef = CF785D541F4FFA3B00FAA90F /* OAStackViewAlignmentStrategyBaseline.m */; };
		CF785D601F4FFA3B00FAA90F /* OAStackViewDistributionStrategy.m in Sources */ = {isa = PBXBuildFile; fileRef = CF785D561F4FFA3B00FAA90F /* OAStackViewDistributionStrategy.m */; };
		CF785D611F4FFA3B00FAA90F /* OATransformLayer.m in Sources */ = {isa = PBXBuildFile; fileRef = CF785D581F4FFA3B00FAA90F /* OATransformLayer.m */; };
		CFA7A14D1F47478800482180 /* ActionSheetPresentationController.swift in Sources */ = {isa = PBXBuildFile; fileRef = CFA7A14C1F47478800482180 /* ActionSheetPresentationController.swift */; };
		CFA7A14F1F4749FB00482180 /* ActionSheetPresentationControllerDismissButton.swift in Sources */ = {isa = PBXBuildFile; fileRef = CFA7A14E1F4749FB00482180 /* ActionSheetPresentationControllerDismissButton.swift */; };
		CFD9A60824EA6C8700C870BA /* NotConnectedView.swift in Sources */ = {isa = PBXBuildFile; fileRef = CFD9A60724EA6C8700C870BA /* NotConnectedView.swift */; };
		CFDC8AAF24DC1824001B11B8 /* LoadMoreActivityIndicator.swift in Sources */ = {isa = PBXBuildFile; fileRef = CFDC8AAE24DC1824001B11B8 /* LoadMoreActivityIndicator.swift */; };
		CFE2D39324EA78C200FEF272 /* ColorCompatibility in Frameworks */ = {isa = PBXBuildFile; productRef = CFE2D39224EA78C200FEF272 /* ColorCompatibility */; };
		CFE2D39524EA78C200FEF272 /* SWXMLHash in Frameworks */ = {isa = PBXBuildFile; productRef = CFE2D39424EA78C200FEF272 /* SWXMLHash */; };
		CFE2D39724EA78C200FEF272 /* Tabman in Frameworks */ = {isa = PBXBuildFile; productRef = CFE2D39624EA78C200FEF272 /* Tabman */; };
		CFE2D39924EA78C200FEF272 /* Connectivity in Frameworks */ = {isa = PBXBuildFile; productRef = CFE2D39824EA78C200FEF272 /* Connectivity */; };
		CFE2D39B24EA78C200FEF272 /* EasyPeasy in Frameworks */ = {isa = PBXBuildFile; productRef = CFE2D39A24EA78C200FEF272 /* EasyPeasy */; };
		CFE2D39E24EA7A7500FEF272 /* OmissionsTableViewCell.xib in Resources */ = {isa = PBXBuildFile; fileRef = CFE2D39D24EA7A7500FEF272 /* OmissionsTableViewCell.xib */; };
		CFE67DD924D6B9DD00647E12 /* Privacy.html in Resources */ = {isa = PBXBuildFile; fileRef = CFE67DD824D6B9DD00647E12 /* Privacy.html */; };
/* End PBXBuildFile section */

/* Begin PBXContainerItemProxy section */
		B913C9231E0B1E190061B531 /* PBXContainerItemProxy */ = {
			isa = PBXContainerItemProxy;
			containerPortal = B9B5C4C91D1D494700777BD9 /* Project object */;
			proxyType = 1;
			remoteGlobalIDString = B913C9171E0B1E190061B531;
			remoteInfo = OmissionsWidget;
		};
/* End PBXContainerItemProxy section */

/* Begin PBXCopyFilesBuildPhase section */
		B913C9291E0B1E190061B531 /* Embed App Extensions */ = {
			isa = PBXCopyFilesBuildPhase;
			buildActionMask = 2147483647;
			dstPath = "";
			dstSubfolderSpec = 13;
			files = (
				B913C9251E0B1E190061B531 /* OmissionsWidget.appex in Embed App Extensions */,
			);
			name = "Embed App Extensions";
			runOnlyForDeploymentPostprocessing = 0;
		};
/* End PBXCopyFilesBuildPhase section */

/* Begin PBXFileReference section */
		B913C9181E0B1E190061B531 /* OmissionsWidget.appex */ = {isa = PBXFileReference; explicitFileType = "wrapper.app-extension"; includeInIndex = 0; path = OmissionsWidget.appex; sourceTree = BUILT_PRODUCTS_DIR; };
		B913C91A1E0B1E190061B531 /* NotificationCenter.framework */ = {isa = PBXFileReference; lastKnownFileType = wrapper.framework; name = NotificationCenter.framework; path = System/Library/Frameworks/NotificationCenter.framework; sourceTree = SDKROOT; };
		B913C91D1E0B1E190061B531 /* TodayViewController.swift */ = {isa = PBXFileReference; lastKnownFileType = sourcecode.swift; path = TodayViewController.swift; sourceTree = "<group>"; };
		B913C9201E0B1E190061B531 /* Base */ = {isa = PBXFileReference; lastKnownFileType = file.storyboard; name = Base; path = Base.lproj/MainWidget.storyboard; sourceTree = "<group>"; };
		B913C9221E0B1E190061B531 /* Info.plist */ = {isa = PBXFileReference; lastKnownFileType = text.plist.xml; path = Info.plist; sourceTree = "<group>"; };
		B913C92F1E0B22F10061B531 /* OmissionsWidget-Bridging-Header.h */ = {isa = PBXFileReference; lastKnownFileType = sourcecode.c.h; path = "OmissionsWidget-Bridging-Header.h"; sourceTree = "<group>"; };
		B913C9301E0B22F10061B531 /* Reachability.h */ = {isa = PBXFileReference; fileEncoding = 4; lastKnownFileType = sourcecode.c.h; path = Reachability.h; sourceTree = "<group>"; };
		B913C9311E0B22F10061B531 /* Reachability.m */ = {isa = PBXFileReference; fileEncoding = 4; lastKnownFileType = sourcecode.c.objc; path = Reachability.m; sourceTree = "<group>"; };
		B91DB9FE1E07165000D1EC86 /* OpenSource.html */ = {isa = PBXFileReference; fileEncoding = 4; lastKnownFileType = text.html; path = OpenSource.html; sourceTree = "<group>"; };
		B91DBA001E071A1300D1EC86 /* Imprint.html */ = {isa = PBXFileReference; fileEncoding = 4; lastKnownFileType = text.html; path = Imprint.html; sourceTree = "<group>"; };
		B94447661E586E4200AD34F8 /* OmissionsWidget.entitlements */ = {isa = PBXFileReference; lastKnownFileType = text.plist.entitlements; path = OmissionsWidget.entitlements; sourceTree = "<group>"; };
		B9562A6D1D4126B3001BD19E /* OmissionsViewController.swift */ = {isa = PBXFileReference; fileEncoding = 4; lastKnownFileType = sourcecode.swift; path = OmissionsViewController.swift; sourceTree = "<group>"; };
		B960D7801D35464E00BCA477 /* EditScheduleViewController.swift */ = {isa = PBXFileReference; fileEncoding = 4; lastKnownFileType = sourcecode.swift; path = EditScheduleViewController.swift; sourceTree = "<group>"; };
		B960D7821D3547FA00BCA477 /* EditLessonsViewController.swift */ = {isa = PBXFileReference; fileEncoding = 4; lastKnownFileType = sourcecode.swift; path = EditLessonsViewController.swift; sourceTree = "<group>"; };
		B960D7841D37F68F00BCA477 /* SubjectsViewController.swift */ = {isa = PBXFileReference; fileEncoding = 4; lastKnownFileType = sourcecode.swift; path = SubjectsViewController.swift; sourceTree = "<group>"; };
		B972692D1DEB0292006819D3 /* AboutViewController.swift */ = {isa = PBXFileReference; fileEncoding = 4; lastKnownFileType = sourcecode.swift; path = AboutViewController.swift; sourceTree = "<group>"; };
		B982C8771D5DF35600B021C9 /* OmissionsTableViewCell.swift */ = {isa = PBXFileReference; fileEncoding = 4; lastKnownFileType = sourcecode.swift; path = OmissionsTableViewCell.swift; sourceTree = "<group>"; };
		B98C637C1E193E7100B515E6 /* OnboardingViewController.swift */ = {isa = PBXFileReference; fileEncoding = 4; lastKnownFileType = sourcecode.swift; path = OnboardingViewController.swift; sourceTree = "<group>"; };
		B9B5C4D11D1D494800777BD9 /* ELG.app */ = {isa = PBXFileReference; explicitFileType = wrapper.application; includeInIndex = 0; path = ELG.app; sourceTree = BUILT_PRODUCTS_DIR; };
		B9B5C4D41D1D494800777BD9 /* AppDelegate.swift */ = {isa = PBXFileReference; lastKnownFileType = sourcecode.swift; path = AppDelegate.swift; sourceTree = "<group>"; };
		B9B5C4D61D1D494800777BD9 /* MasterViewController.swift */ = {isa = PBXFileReference; lastKnownFileType = sourcecode.swift; path = MasterViewController.swift; sourceTree = "<group>"; };
		B9B5C4DB1D1D494800777BD9 /* Base */ = {isa = PBXFileReference; lastKnownFileType = file.storyboard; name = Base; path = Base.lproj/Main.storyboard; sourceTree = "<group>"; };
		B9B5C4DD1D1D494800777BD9 /* Assets.xcassets */ = {isa = PBXFileReference; lastKnownFileType = folder.assetcatalog; path = Assets.xcassets; sourceTree = "<group>"; };
		B9B5C4E01D1D494800777BD9 /* Base */ = {isa = PBXFileReference; lastKnownFileType = file.storyboard; name = Base; path = Base.lproj/LaunchScreen.storyboard; sourceTree = "<group>"; };
		B9B5C4E21D1D494800777BD9 /* Info.plist */ = {isa = PBXFileReference; lastKnownFileType = text.plist; path = Info.plist; sourceTree = "<group>"; };
		B9B5C4E81D1D4BE200777BD9 /* ELG.entitlements */ = {isa = PBXFileReference; lastKnownFileType = text.plist.entitlements; path = ELG.entitlements; sourceTree = "<group>"; };
		B9B5C4F21D1ECB7800777BD9 /* ELG-Bridging-Header.h */ = {isa = PBXFileReference; lastKnownFileType = sourcecode.c.h; path = "ELG-Bridging-Header.h"; sourceTree = "<group>"; };
		B9B5C4F61D1FA6D000777BD9 /* NoConnection.html */ = {isa = PBXFileReference; fileEncoding = 4; lastKnownFileType = text.html; path = NoConnection.html; sourceTree = "<group>"; };
		B9B5C4FA1D1FFF6100777BD9 /* LessonsViewController.swift */ = {isa = PBXFileReference; fileEncoding = 4; lastKnownFileType = sourcecode.swift; path = LessonsViewController.swift; sourceTree = "<group>"; };
		B9BDBA081DE1C00A0025E30A /* SetStartViewController.swift */ = {isa = PBXFileReference; fileEncoding = 4; lastKnownFileType = sourcecode.swift; path = SetStartViewController.swift; sourceTree = "<group>"; };
		B9BDBA0A1DE22EED0025E30A /* TeacherModeViewController.swift */ = {isa = PBXFileReference; fileEncoding = 4; lastKnownFileType = sourcecode.swift; path = TeacherModeViewController.swift; sourceTree = "<group>"; };
		B9CBF5701D5F332B00F67682 /* FoerdervereinArticleViewController.swift */ = {isa = PBXFileReference; fileEncoding = 4; lastKnownFileType = sourcecode.swift; path = FoerdervereinArticleViewController.swift; sourceTree = "<group>"; };
		B9CBF5741D60493D00F67682 /* GradeViewController.swift */ = {isa = PBXFileReference; fileEncoding = 4; lastKnownFileType = sourcecode.swift; path = GradeViewController.swift; sourceTree = "<group>"; };
		B9CBF57A1D60CFBB00F67682 /* TextFieldTableViewCell.swift */ = {isa = PBXFileReference; fileEncoding = 4; lastKnownFileType = sourcecode.swift; path = TextFieldTableViewCell.swift; sourceTree = "<group>"; };
		B9CBF57B1D60CFBB00F67682 /* TextFieldTableViewCell.xib */ = {isa = PBXFileReference; fileEncoding = 4; lastKnownFileType = file.xib; path = TextFieldTableViewCell.xib; sourceTree = "<group>"; };
		B9CBF5831D61D90C00F67682 /* WebKit.framework */ = {isa = PBXFileReference; lastKnownFileType = wrapper.framework; name = WebKit.framework; path = System/Library/Frameworks/WebKit.framework; sourceTree = SDKROOT; };
		B9CCE7D51D20FE3B00F44447 /* WebScheduleViewController.swift */ = {isa = PBXFileReference; fileEncoding = 4; lastKnownFileType = sourcecode.swift; path = WebScheduleViewController.swift; sourceTree = "<group>"; };
		B9DEB5681DEB102F00B700AE /* AboutWebViewController.swift */ = {isa = PBXFileReference; fileEncoding = 4; lastKnownFileType = sourcecode.swift; path = AboutWebViewController.swift; sourceTree = "<group>"; };
		B9F73BF91DEDFE77004F3470 /* MessageUI.framework */ = {isa = PBXFileReference; lastKnownFileType = wrapper.framework; name = MessageUI.framework; path = System/Library/Frameworks/MessageUI.framework; sourceTree = SDKROOT; };
		B9F73BFB1DEE01F9004F3470 /* ReleaseNotes.html */ = {isa = PBXFileReference; fileEncoding = 4; lastKnownFileType = text.html; path = ReleaseNotes.html; sourceTree = "<group>"; };
		B9FB652C1DF5FEB3009B7D13 /* DetailViewController.swift */ = {isa = PBXFileReference; fileEncoding = 4; lastKnownFileType = sourcecode.swift; path = DetailViewController.swift; sourceTree = "<group>"; };
		CF1DD7D91F753972006AA41B /* SimpleFeedTableViewCell.swift */ = {isa = PBXFileReference; fileEncoding = 4; lastKnownFileType = sourcecode.swift; path = SimpleFeedTableViewCell.swift; sourceTree = "<group>"; };
		CF22A08F1F6FD6E700B0ECC4 /* GenericNavigationController.swift */ = {isa = PBXFileReference; fileEncoding = 4; lastKnownFileType = sourcecode.swift; path = GenericNavigationController.swift; sourceTree = "<group>"; };
		CF2A0EF81F4EA42000C5105A /* ActionSheetPresentationControllerSectionView.swift */ = {isa = PBXFileReference; fileEncoding = 4; lastKnownFileType = sourcecode.swift; path = ActionSheetPresentationControllerSectionView.swift; sourceTree = "<group>"; };
		CF2A0EFA1F4EA52F00C5105A /* ActionSheetPresentationControllerPickerViewController.swift */ = {isa = PBXFileReference; fileEncoding = 4; lastKnownFileType = sourcecode.swift; path = ActionSheetPresentationControllerPickerViewController.swift; sourceTree = "<group>"; };
		CF40B5331F28602900FB8ADC /* PickerTableViewCell.swift */ = {isa = PBXFileReference; fileEncoding = 4; lastKnownFileType = sourcecode.swift; path = PickerTableViewCell.swift; sourceTree = "<group>"; };
		CF40B5391F2B7CE100FB8ADC /* UIImage+Shadow.swift */ = {isa = PBXFileReference; fileEncoding = 4; lastKnownFileType = sourcecode.swift; path = "UIImage+Shadow.swift"; sourceTree = "<group>"; };
		CF40B53B1F2BCD8A00FB8ADC /* FloatingView.swift */ = {isa = PBXFileReference; fileEncoding = 4; lastKnownFileType = sourcecode.swift; path = FloatingView.swift; sourceTree = "<group>"; };
		CF46BECD1F70FA1D00ABEA66 /* NoConnectionView.swift */ = {isa = PBXFileReference; fileEncoding = 4; lastKnownFileType = sourcecode.swift; path = NoConnectionView.swift; sourceTree = "<group>"; };
		CF52488D24E988A000EDCF3D /* TabBarController.swift */ = {isa = PBXFileReference; lastKnownFileType = sourcecode.swift; path = TabBarController.swift; sourceTree = "<group>"; };
		CF52488F24E9890C00EDCF3D /* SplitViewController.swift */ = {isa = PBXFileReference; lastKnownFileType = sourcecode.swift; path = SplitViewController.swift; sourceTree = "<group>"; };
		CF52489524E990D200EDCF3D /* NewsTabViewController.swift */ = {isa = PBXFileReference; lastKnownFileType = sourcecode.swift; path = NewsTabViewController.swift; sourceTree = "<group>"; };
		CF52489724E9915000EDCF3D /* ScheduleViewController.swift */ = {isa = PBXFileReference; lastKnownFileType = sourcecode.swift; path = ScheduleViewController.swift; sourceTree = "<group>"; };
		CF52489924E9921E00EDCF3D /* ScheduleCollectionViewController.swift */ = {isa = PBXFileReference; lastKnownFileType = sourcecode.swift; path = ScheduleCollectionViewController.swift; sourceTree = "<group>"; };
		CF52489B24E9925400EDCF3D /* CoverPlanViewController.swift */ = {isa = PBXFileReference; lastKnownFileType = sourcecode.swift; path = CoverPlanViewController.swift; sourceTree = "<group>"; };
		CF52489D24E992A400EDCF3D /* SettingsViewController.swift */ = {isa = PBXFileReference; lastKnownFileType = sourcecode.swift; path = SettingsViewController.swift; sourceTree = "<group>"; };
		CF5248A524E9998C00EDCF3D /* Base */ = {isa = PBXFileReference; lastKnownFileType = text.plist.strings; name = Base; path = Base.lproj/Localizable.strings; sourceTree = "<group>"; };
		CF5248A724E999C100EDCF3D /* de */ = {isa = PBXFileReference; lastKnownFileType = text.plist.strings; name = de; path = de.lproj/Localizable.strings; sourceTree = "<group>"; };
		CF5248A824E99B5400EDCF3D /* NewsViewController.swift */ = {isa = PBXFileReference; lastKnownFileType = sourcecode.swift; path = NewsViewController.swift; sourceTree = "<group>"; };
		CF5248AA24E99B8B00EDCF3D /* FoerdervereinViewController.swift */ = {isa = PBXFileReference; lastKnownFileType = sourcecode.swift; path = FoerdervereinViewController.swift; sourceTree = "<group>"; };
		CF5248AC24E99BBE00EDCF3D /* ElizeViewController.swift */ = {isa = PBXFileReference; lastKnownFileType = sourcecode.swift; path = ElizeViewController.swift; sourceTree = "<group>"; };
		CF5EBF632469C86E0099E3BE /* Base */ = {isa = PBXFileReference; lastKnownFileType = file.storyboard; name = Base; path = Base.lproj/MainLegacy.storyboard; sourceTree = "<group>"; };
		CF63C0021F6059F900A67315 /* FeedTableViewCell.swift */ = {isa = PBXFileReference; fileEncoding = 4; lastKnownFileType = sourcecode.swift; path = FeedTableViewCell.swift; sourceTree = "<group>"; };
		CF785D471F4FFA3B00FAA90F /* _OALayoutGuide.h */ = {isa = PBXFileReference; fileEncoding = 4; lastKnownFileType = sourcecode.c.h; path = _OALayoutGuide.h; sourceTree = "<group>"; };
		CF785D481F4FFA3B00FAA90F /* _OALayoutGuide.m */ = {isa = PBXFileReference; fileEncoding = 4; lastKnownFileType = sourcecode.c.objc; path = _OALayoutGuide.m; sourceTree = "<group>"; };
		CF785D491F4FFA3B00FAA90F /* OAStackView.h */ = {isa = PBXFileReference; fileEncoding = 4; lastKnownFileType = sourcecode.c.h; path = OAStackView.h; sourceTree = "<group>"; };
		CF785D4A1F4FFA3B00FAA90F /* OAStackView.m */ = {isa = PBXFileReference; fileEncoding = 4; lastKnownFileType = sourcecode.c.objc; path = OAStackView.m; sourceTree = "<group>"; };
		CF785D4B1F4FFA3B00FAA90F /* OAStackView+Constraint.h */ = {isa = PBXFileReference; fileEncoding = 4; lastKnownFileType = sourcecode.c.h; path = "OAStackView+Constraint.h"; sourceTree = "<group>"; };
		CF785D4C1F4FFA3B00FAA90F /* OAStackView+Constraint.m */ = {isa = PBXFileReference; fileEncoding = 4; lastKnownFileType = sourcecode.c.objc; path = "OAStackView+Constraint.m"; sourceTree = "<group>"; };
		CF785D4D1F4FFA3B00FAA90F /* OAStackView+Hiding.h */ = {isa = PBXFileReference; fileEncoding = 4; lastKnownFileType = sourcecode.c.h; path = "OAStackView+Hiding.h"; sourceTree = "<group>"; };
		CF785D4E1F4FFA3B00FAA90F /* OAStackView+Hiding.m */ = {isa = PBXFileReference; fileEncoding = 4; lastKnownFileType = sourcecode.c.objc; path = "OAStackView+Hiding.m"; sourceTree = "<group>"; };
		CF785D4F1F4FFA3B00FAA90F /* OAStackView+Traversal.h */ = {isa = PBXFileReference; fileEncoding = 4; lastKnownFileType = sourcecode.c.h; path = "OAStackView+Traversal.h"; sourceTree = "<group>"; };
		CF785D501F4FFA3B00FAA90F /* OAStackView+Traversal.m */ = {isa = PBXFileReference; fileEncoding = 4; lastKnownFileType = sourcecode.c.objc; path = "OAStackView+Traversal.m"; sourceTree = "<group>"; };
		CF785D511F4FFA3B00FAA90F /* OAStackViewAlignmentStrategy.h */ = {isa = PBXFileReference; fileEncoding = 4; lastKnownFileType = sourcecode.c.h; path = OAStackViewAlignmentStrategy.h; sourceTree = "<group>"; };
		CF785D521F4FFA3B00FAA90F /* OAStackViewAlignmentStrategy.m */ = {isa = PBXFileReference; fileEncoding = 4; lastKnownFileType = sourcecode.c.objc; path = OAStackViewAlignmentStrategy.m; sourceTree = "<group>"; };
		CF785D531F4FFA3B00FAA90F /* OAStackViewAlignmentStrategyBaseline.h */ = {isa = PBXFileReference; fileEncoding = 4; lastKnownFileType = sourcecode.c.h; path = OAStackViewAlignmentStrategyBaseline.h; sourceTree = "<group>"; };
		CF785D541F4FFA3B00FAA90F /* OAStackViewAlignmentStrategyBaseline.m */ = {isa = PBXFileReference; fileEncoding = 4; lastKnownFileType = sourcecode.c.objc; path = OAStackViewAlignmentStrategyBaseline.m; sourceTree = "<group>"; };
		CF785D551F4FFA3B00FAA90F /* OAStackViewDistributionStrategy.h */ = {isa = PBXFileReference; fileEncoding = 4; lastKnownFileType = sourcecode.c.h; path = OAStackViewDistributionStrategy.h; sourceTree = "<group>"; };
		CF785D561F4FFA3B00FAA90F /* OAStackViewDistributionStrategy.m */ = {isa = PBXFileReference; fileEncoding = 4; lastKnownFileType = sourcecode.c.objc; path = OAStackViewDistributionStrategy.m; sourceTree = "<group>"; };
		CF785D571F4FFA3B00FAA90F /* OATransformLayer.h */ = {isa = PBXFileReference; fileEncoding = 4; lastKnownFileType = sourcecode.c.h; path = OATransformLayer.h; sourceTree = "<group>"; };
		CF785D581F4FFA3B00FAA90F /* OATransformLayer.m */ = {isa = PBXFileReference; fileEncoding = 4; lastKnownFileType = sourcecode.c.objc; path = OATransformLayer.m; sourceTree = "<group>"; };
		CFA7A14C1F47478800482180 /* ActionSheetPresentationController.swift */ = {isa = PBXFileReference; fileEncoding = 4; lastKnownFileType = sourcecode.swift; path = ActionSheetPresentationController.swift; sourceTree = "<group>"; };
		CFA7A14E1F4749FB00482180 /* ActionSheetPresentationControllerDismissButton.swift */ = {isa = PBXFileReference; fileEncoding = 4; lastKnownFileType = sourcecode.swift; path = ActionSheetPresentationControllerDismissButton.swift; sourceTree = "<group>"; };
		CFD9A60724EA6C8700C870BA /* NotConnectedView.swift */ = {isa = PBXFileReference; lastKnownFileType = sourcecode.swift; path = NotConnectedView.swift; sourceTree = "<group>"; };
		CFDC8AAE24DC1824001B11B8 /* LoadMoreActivityIndicator.swift */ = {isa = PBXFileReference; lastKnownFileType = sourcecode.swift; path = LoadMoreActivityIndicator.swift; sourceTree = "<group>"; };
		CFE2D39D24EA7A7500FEF272 /* OmissionsTableViewCell.xib */ = {isa = PBXFileReference; fileEncoding = 4; lastKnownFileType = file.xib; path = OmissionsTableViewCell.xib; sourceTree = "<group>"; };
		CFE67DD824D6B9DD00647E12 /* Privacy.html */ = {isa = PBXFileReference; lastKnownFileType = text.html; path = Privacy.html; sourceTree = "<group>"; };
/* End PBXFileReference section */

/* Begin PBXFrameworksBuildPhase section */
		B913C9151E0B1E190061B531 /* Frameworks */ = {
			isa = PBXFrameworksBuildPhase;
			buildActionMask = 2147483647;
			files = (
				CF5EB0E02468492500E5D144 /* SWXMLHash in Frameworks */,
				B913C91B1E0B1E190061B531 /* NotificationCenter.framework in Frameworks */,
				CF5EB0DE2468492100E5D144 /* ColorCompatibility in Frameworks */,
			);
			runOnlyForDeploymentPostprocessing = 0;
		};
		B9B5C4CE1D1D494700777BD9 /* Frameworks */ = {
			isa = PBXFrameworksBuildPhase;
			buildActionMask = 2147483647;
			files = (
				CFE2D39B24EA78C200FEF272 /* EasyPeasy in Frameworks */,
				CFE2D39724EA78C200FEF272 /* Tabman in Frameworks */,
				CFE2D39524EA78C200FEF272 /* SWXMLHash in Frameworks */,
				B9F73BFA1DEDFE77004F3470 /* MessageUI.framework in Frameworks */,
				CFE2D39924EA78C200FEF272 /* Connectivity in Frameworks */,
				B9CBF5841D61D90C00F67682 /* WebKit.framework in Frameworks */,
				CFE2D39324EA78C200FEF272 /* ColorCompatibility in Frameworks */,
			);
			runOnlyForDeploymentPostprocessing = 0;
		};
/* End PBXFrameworksBuildPhase section */

/* Begin PBXGroup section */
		B913C9191E0B1E190061B531 /* Frameworks */ = {
			isa = PBXGroup;
			children = (
				B913C91A1E0B1E190061B531 /* NotificationCenter.framework */,
			);
			name = Frameworks;
			sourceTree = "<group>";
		};
		B913C91C1E0B1E190061B531 /* OmissionsWidget */ = {
			isa = PBXGroup;
			children = (
				B913C92C1E0B1EFF0061B531 /* Extension */,
				B913C92D1E0B226F0061B531 /* Classes */,
				B913C92B1E0B1EE20061B531 /* Views */,
				B913C92A1E0B1ED30061B531 /* View Controllers */,
			);
			path = OmissionsWidget;
			sourceTree = "<group>";
		};
		B913C92A1E0B1ED30061B531 /* View Controllers */ = {
			isa = PBXGroup;
			children = (
				B913C91D1E0B1E190061B531 /* TodayViewController.swift */,
			);
			name = "View Controllers";
			sourceTree = "<group>";
		};
		B913C92B1E0B1EE20061B531 /* Views */ = {
			isa = PBXGroup;
			children = (
				B913C91F1E0B1E190061B531 /* MainWidget.storyboard */,
			);
			name = Views;
			sourceTree = "<group>";
		};
		B913C92C1E0B1EFF0061B531 /* Extension */ = {
			isa = PBXGroup;
			children = (
				B913C9221E0B1E190061B531 /* Info.plist */,
				B94447661E586E4200AD34F8 /* OmissionsWidget.entitlements */,
			);
			name = Extension;
			sourceTree = "<group>";
		};
		B913C92D1E0B226F0061B531 /* Classes */ = {
			isa = PBXGroup;
			children = (
				B913C9301E0B22F10061B531 /* Reachability.h */,
				B913C9311E0B22F10061B531 /* Reachability.m */,
				B913C92F1E0B22F10061B531 /* OmissionsWidget-Bridging-Header.h */,
			);
			name = Classes;
			sourceTree = "<group>";
		};
		B9B5C4C81D1D494700777BD9 = {
			isa = PBXGroup;
			children = (
				B9F73BF91DEDFE77004F3470 /* MessageUI.framework */,
				B9CBF5831D61D90C00F67682 /* WebKit.framework */,
				B9B5C4D31D1D494800777BD9 /* ELG */,
				B913C91C1E0B1E190061B531 /* OmissionsWidget */,
				B913C9191E0B1E190061B531 /* Frameworks */,
				B9B5C4D21D1D494800777BD9 /* Products */,
			);
			sourceTree = "<group>";
		};
		B9B5C4D21D1D494800777BD9 /* Products */ = {
			isa = PBXGroup;
			children = (
				B9B5C4D11D1D494800777BD9 /* ELG.app */,
				B913C9181E0B1E190061B531 /* OmissionsWidget.appex */,
			);
			name = Products;
			sourceTree = "<group>";
		};
		B9B5C4D31D1D494800777BD9 /* ELG */ = {
			isa = PBXGroup;
			children = (
				B9B5C4DF1D1D494800777BD9 /* LaunchScreen.storyboard */,
				B9B5C4DA1D1D494800777BD9 /* Main.storyboard */,
				CF5EBF622469C86E0099E3BE /* MainLegacy.storyboard */,
				CF5248A424E9998C00EDCF3D /* Localizable.strings */,
				B9B5C4EC1D1D4C6300777BD9 /* Application */,
				B9B5C4F11D1EC97C00777BD9 /* Classes */,
				B9B5C4EB1D1D4C5600777BD9 /* Resources */,
				B9B5C4E91D1D4C2B00777BD9 /* Views */,
				B9B5C4EA1D1D4C4300777BD9 /* View Controllers */,
			);
			path = ELG;
			sourceTree = "<group>";
		};
		B9B5C4E91D1D4C2B00777BD9 /* Views */ = {
			isa = PBXGroup;
			children = (
				CFE2D39D24EA7A7500FEF272 /* OmissionsTableViewCell.xib */,
				B9CBF57B1D60CFBB00F67682 /* TextFieldTableViewCell.xib */,
				CFD9A60724EA6C8700C870BA /* NotConnectedView.swift */,
			);
			path = Views;
			sourceTree = "<group>";
		};
		B9B5C4EA1D1D4C4300777BD9 /* View Controllers */ = {
			isa = PBXGroup;
			children = (
				CF52489124E98EAB00EDCF3D /* Shared */,
				CF52488B24E9884800EDCF3D /* iPhone */,
				CF52488C24E9885300EDCF3D /* iPad */,
				B9B5C4D61D1D494800777BD9 /* MasterViewController.swift */,
				B9FB652C1DF5FEB3009B7D13 /* DetailViewController.swift */,
				B9B5C4FA1D1FFF6100777BD9 /* LessonsViewController.swift */,
				B9CCE7D51D20FE3B00F44447 /* WebScheduleViewController.swift */,
				B960D7801D35464E00BCA477 /* EditScheduleViewController.swift */,
				B960D7821D3547FA00BCA477 /* EditLessonsViewController.swift */,
				B960D7841D37F68F00BCA477 /* SubjectsViewController.swift */,
				B9562A6D1D4126B3001BD19E /* OmissionsViewController.swift */,
				B9CBF5701D5F332B00F67682 /* FoerdervereinArticleViewController.swift */,
				B9CBF5741D60493D00F67682 /* GradeViewController.swift */,
				B9BDBA0A1DE22EED0025E30A /* TeacherModeViewController.swift */,
				B9BDBA081DE1C00A0025E30A /* SetStartViewController.swift */,
				B972692D1DEB0292006819D3 /* AboutViewController.swift */,
				B9DEB5681DEB102F00B700AE /* AboutWebViewController.swift */,
				B98C637C1E193E7100B515E6 /* OnboardingViewController.swift */,
				CF22A08F1F6FD6E700B0ECC4 /* GenericNavigationController.swift */,
				CF785D621F50461B00FAA90F /* FloatingView */,
				CFA7A14B1F47475300482180 /* Action Sheet Presentation Controller */,
				CF785D461F4FFA1100FAA90F /* OAStackView */,
				B982C8771D5DF35600B021C9 /* OmissionsTableViewCell.swift */,
				B9CBF57A1D60CFBB00F67682 /* TextFieldTableViewCell.swift */,
				CF40B5331F28602900FB8ADC /* PickerTableViewCell.swift */,
				CF63C0021F6059F900A67315 /* FeedTableViewCell.swift */,
				CF1DD7D91F753972006AA41B /* SimpleFeedTableViewCell.swift */,
				CF46BECD1F70FA1D00ABEA66 /* NoConnectionView.swift */,
				CFDC8AAE24DC1824001B11B8 /* LoadMoreActivityIndicator.swift */,
			);
			path = "View Controllers";
			sourceTree = "<group>";
		};
		B9B5C4EB1D1D4C5600777BD9 /* Resources */ = {
			isa = PBXGroup;
			children = (
				B9B5C4DD1D1D494800777BD9 /* Assets.xcassets */,
				B9B5C4F61D1FA6D000777BD9 /* NoConnection.html */,
				B9F73BFB1DEE01F9004F3470 /* ReleaseNotes.html */,
				B91DB9FE1E07165000D1EC86 /* OpenSource.html */,
				B91DBA001E071A1300D1EC86 /* Imprint.html */,
				CFE67DD824D6B9DD00647E12 /* Privacy.html */,
			);
			path = Resources;
			sourceTree = "<group>";
		};
		B9B5C4EC1D1D4C6300777BD9 /* Application */ = {
			isa = PBXGroup;
			children = (
				B9B5C4D41D1D494800777BD9 /* AppDelegate.swift */,
				B9B5C4E21D1D494800777BD9 /* Info.plist */,
				B9B5C4E81D1D4BE200777BD9 /* ELG.entitlements */,
			);
			path = Application;
			sourceTree = "<group>";
		};
		B9B5C4F11D1EC97C00777BD9 /* Classes */ = {
			isa = PBXGroup;
			children = (
				B9B5C4F21D1ECB7800777BD9 /* ELG-Bridging-Header.h */,
			);
			path = Classes;
			sourceTree = "<group>";
		};
		CF52488B24E9884800EDCF3D /* iPhone */ = {
			isa = PBXGroup;
			children = (
				CF52488D24E988A000EDCF3D /* TabBarController.swift */,
			);
			path = iPhone;
			sourceTree = "<group>";
		};
		CF52488C24E9885300EDCF3D /* iPad */ = {
			isa = PBXGroup;
			children = (
				CF52488F24E9890C00EDCF3D /* SplitViewController.swift */,
			);
			path = iPad;
			sourceTree = "<group>";
		};
		CF52489124E98EAB00EDCF3D /* Shared */ = {
			isa = PBXGroup;
			children = (
				CF52489524E990D200EDCF3D /* NewsTabViewController.swift */,
				CF52489924E9921E00EDCF3D /* ScheduleCollectionViewController.swift */,
				CF52489724E9915000EDCF3D /* ScheduleViewController.swift */,
				CF52489B24E9925400EDCF3D /* CoverPlanViewController.swift */,
				CF52489D24E992A400EDCF3D /* SettingsViewController.swift */,
				CF5248A824E99B5400EDCF3D /* NewsViewController.swift */,
				CF5248AA24E99B8B00EDCF3D /* FoerdervereinViewController.swift */,
				CF5248AC24E99BBE00EDCF3D /* ElizeViewController.swift */,
			);
			path = Shared;
			sourceTree = "<group>";
		};
		CF785D461F4FFA1100FAA90F /* OAStackView */ = {
			isa = PBXGroup;
			children = (
				CF785D471F4FFA3B00FAA90F /* _OALayoutGuide.h */,
				CF785D481F4FFA3B00FAA90F /* _OALayoutGuide.m */,
				CF785D491F4FFA3B00FAA90F /* OAStackView.h */,
				CF785D4A1F4FFA3B00FAA90F /* OAStackView.m */,
				CF785D4B1F4FFA3B00FAA90F /* OAStackView+Constraint.h */,
				CF785D4C1F4FFA3B00FAA90F /* OAStackView+Constraint.m */,
				CF785D4D1F4FFA3B00FAA90F /* OAStackView+Hiding.h */,
				CF785D4E1F4FFA3B00FAA90F /* OAStackView+Hiding.m */,
				CF785D4F1F4FFA3B00FAA90F /* OAStackView+Traversal.h */,
				CF785D501F4FFA3B00FAA90F /* OAStackView+Traversal.m */,
				CF785D511F4FFA3B00FAA90F /* OAStackViewAlignmentStrategy.h */,
				CF785D521F4FFA3B00FAA90F /* OAStackViewAlignmentStrategy.m */,
				CF785D531F4FFA3B00FAA90F /* OAStackViewAlignmentStrategyBaseline.h */,
				CF785D541F4FFA3B00FAA90F /* OAStackViewAlignmentStrategyBaseline.m */,
				CF785D551F4FFA3B00FAA90F /* OAStackViewDistributionStrategy.h */,
				CF785D561F4FFA3B00FAA90F /* OAStackViewDistributionStrategy.m */,
				CF785D571F4FFA3B00FAA90F /* OATransformLayer.h */,
				CF785D581F4FFA3B00FAA90F /* OATransformLayer.m */,
			);
			name = OAStackView;
			sourceTree = "<group>";
		};
		CF785D621F50461B00FAA90F /* FloatingView */ = {
			isa = PBXGroup;
			children = (
				CF40B53B1F2BCD8A00FB8ADC /* FloatingView.swift */,
				CF40B5391F2B7CE100FB8ADC /* UIImage+Shadow.swift */,
			);
			name = FloatingView;
			sourceTree = "<group>";
		};
		CFA7A14B1F47475300482180 /* Action Sheet Presentation Controller */ = {
			isa = PBXGroup;
			children = (
				CFA7A14C1F47478800482180 /* ActionSheetPresentationController.swift */,
				CFA7A14E1F4749FB00482180 /* ActionSheetPresentationControllerDismissButton.swift */,
				CF2A0EF81F4EA42000C5105A /* ActionSheetPresentationControllerSectionView.swift */,
				CF2A0EFA1F4EA52F00C5105A /* ActionSheetPresentationControllerPickerViewController.swift */,
			);
			name = "Action Sheet Presentation Controller";
			sourceTree = "<group>";
		};
/* End PBXGroup section */

/* Begin PBXNativeTarget section */
		B913C9171E0B1E190061B531 /* OmissionsWidget */ = {
			isa = PBXNativeTarget;
			buildConfigurationList = B913C9281E0B1E190061B531 /* Build configuration list for PBXNativeTarget "OmissionsWidget" */;
			buildPhases = (
				B913C9141E0B1E190061B531 /* Sources */,
				B913C9151E0B1E190061B531 /* Frameworks */,
				B913C9161E0B1E190061B531 /* Resources */,
			);
			buildRules = (
			);
			dependencies = (
			);
			name = OmissionsWidget;
			packageProductDependencies = (
				CF5EB0DD2468492100E5D144 /* ColorCompatibility */,
				CF5EB0DF2468492500E5D144 /* SWXMLHash */,
			);
			productName = OmissionsWidget;
			productReference = B913C9181E0B1E190061B531 /* OmissionsWidget.appex */;
			productType = "com.apple.product-type.app-extension";
		};
		B9B5C4D01D1D494700777BD9 /* ELG */ = {
			isa = PBXNativeTarget;
			buildConfigurationList = B9B5C4E51D1D494800777BD9 /* Build configuration list for PBXNativeTarget "ELG" */;
			buildPhases = (
				B9B5C4CD1D1D494700777BD9 /* Sources */,
				B9B5C4CE1D1D494700777BD9 /* Frameworks */,
				B9B5C4CF1D1D494700777BD9 /* Resources */,
				B913C9291E0B1E190061B531 /* Embed App Extensions */,
			);
			buildRules = (
			);
			dependencies = (
				B913C9241E0B1E190061B531 /* PBXTargetDependency */,
			);
			name = ELG;
			packageProductDependencies = (
				CFE2D39224EA78C200FEF272 /* ColorCompatibility */,
				CFE2D39424EA78C200FEF272 /* SWXMLHash */,
				CFE2D39624EA78C200FEF272 /* Tabman */,
				CFE2D39824EA78C200FEF272 /* Connectivity */,
				CFE2D39A24EA78C200FEF272 /* EasyPeasy */,
			);
			productName = ELG;
			productReference = B9B5C4D11D1D494800777BD9 /* ELG.app */;
			productType = "com.apple.product-type.application";
		};
/* End PBXNativeTarget section */

/* Begin PBXProject section */
		B9B5C4C91D1D494700777BD9 /* Project object */ = {
			isa = PBXProject;
			attributes = {
				LastSwiftUpdateCheck = 0730;
				LastUpgradeCheck = 1130;
				ORGANIZATIONNAME = "Elisabeth-Gymnasium Halle";
				TargetAttributes = {
					B913C9171E0B1E190061B531 = {
						CreatedOnToolsVersion = 7.3.1;
						LastSwiftMigration = 1130;
						SystemCapabilities = {
							com.apple.ApplicationGroups.iOS = {
								enabled = 1;
							};
						};
					};
					B9B5C4D01D1D494700777BD9 = {
						CreatedOnToolsVersion = 7.3.1;
						LastSwiftMigration = 1130;
						SystemCapabilities = {
							com.apple.ApplicationGroups.iOS = {
								enabled = 1;
							};
							com.apple.Keychain = {
								enabled = 1;
							};
						};
					};
				};
			};
			buildConfigurationList = B9B5C4CC1D1D494700777BD9 /* Build configuration list for PBXProject "ELG" */;
			compatibilityVersion = "Xcode 3.2";
			developmentRegion = en;
			hasScannedForEncodings = 0;
			knownRegions = (
				en,
				Base,
				de,
			);
			mainGroup = B9B5C4C81D1D494700777BD9;
			packageReferences = (
				CF5EB0D72468460400E5D144 /* XCRemoteSwiftPackageReference "ColorCompatibility" */,
				CF5EB0DA2468490900E5D144 /* XCRemoteSwiftPackageReference "SWXMLHash" */,
				CF52489224E9907F00EDCF3D /* XCRemoteSwiftPackageReference "Tabman" */,
				CFD9A60424E9D3F100C870BA /* XCRemoteSwiftPackageReference "Connectivity" */,
				CFAF962624EA73A20014ED40 /* XCRemoteSwiftPackageReference "EasyPeasy" */,
			);
			productRefGroup = B9B5C4D21D1D494800777BD9 /* Products */;
			projectDirPath = "";
			projectRoot = "";
			targets = (
				B9B5C4D01D1D494700777BD9 /* ELG */,
				B913C9171E0B1E190061B531 /* OmissionsWidget */,
			);
		};
/* End PBXProject section */

/* Begin PBXResourcesBuildPhase section */
		B913C9161E0B1E190061B531 /* Resources */ = {
			isa = PBXResourcesBuildPhase;
			buildActionMask = 2147483647;
			files = (
				B913C9211E0B1E190061B531 /* MainWidget.storyboard in Resources */,
			);
			runOnlyForDeploymentPostprocessing = 0;
		};
		B9B5C4CF1D1D494700777BD9 /* Resources */ = {
			isa = PBXResourcesBuildPhase;
			buildActionMask = 2147483647;
			files = (
				CF5248A624E9998C00EDCF3D /* Localizable.strings in Resources */,
				CFE67DD924D6B9DD00647E12 /* Privacy.html in Resources */,
				CFE2D39E24EA7A7500FEF272 /* OmissionsTableViewCell.xib in Resources */,
				B9B5C4F71D1FA6D000777BD9 /* NoConnection.html in Resources */,
				B9CBF57D1D60CFBB00F67682 /* TextFieldTableViewCell.xib in Resources */,
				CF5EBF642469C86E0099E3BE /* MainLegacy.storyboard in Resources */,
				B9B5C4E11D1D494800777BD9 /* LaunchScreen.storyboard in Resources */,
				B9B5C4DE1D1D494800777BD9 /* Assets.xcassets in Resources */,
				B9B5C4DC1D1D494800777BD9 /* Main.storyboard in Resources */,
				B91DB9FF1E07165000D1EC86 /* OpenSource.html in Resources */,
				B91DBA011E071A1300D1EC86 /* Imprint.html in Resources */,
				B9F73BFC1DEE01F9004F3470 /* ReleaseNotes.html in Resources */,
			);
			runOnlyForDeploymentPostprocessing = 0;
		};
/* End PBXResourcesBuildPhase section */

/* Begin PBXSourcesBuildPhase section */
		B913C9141E0B1E190061B531 /* Sources */ = {
			isa = PBXSourcesBuildPhase;
			buildActionMask = 2147483647;
			files = (
				B913C9321E0B22F10061B531 /* Reachability.m in Sources */,
				B913C91E1E0B1E190061B531 /* TodayViewController.swift in Sources */,
			);
			runOnlyForDeploymentPostprocessing = 0;
		};
		B9B5C4CD1D1D494700777BD9 /* Sources */ = {
			isa = PBXSourcesBuildPhase;
			buildActionMask = 2147483647;
			files = (
				CF52489824E9915000EDCF3D /* ScheduleViewController.swift in Sources */,
				B9BDBA0B1DE22EED0025E30A /* TeacherModeViewController.swift in Sources */,
				CFDC8AAF24DC1824001B11B8 /* LoadMoreActivityIndicator.swift in Sources */,
				CF5248AD24E99BBE00EDCF3D /* ElizeViewController.swift in Sources */,
				B98C637D1E193E7100B515E6 /* OnboardingViewController.swift in Sources */,
				B9FB652D1DF5FEB3009B7D13 /* DetailViewController.swift in Sources */,
				CF785D5B1F4FFA3B00FAA90F /* OAStackView+Constraint.m in Sources */,
				CF40B53C1F2BCD8A00FB8ADC /* FloatingView.swift in Sources */,
				CF2A0EFB1F4EA52F00C5105A /* ActionSheetPresentationControllerPickerViewController.swift in Sources */,
				CF5248AB24E99B8B00EDCF3D /* FoerdervereinViewController.swift in Sources */,
				CF52489A24E9921E00EDCF3D /* ScheduleCollectionViewController.swift in Sources */,
				CF785D5C1F4FFA3B00FAA90F /* OAStackView+Hiding.m in Sources */,
				CF1DD7DA1F753972006AA41B /* SimpleFeedTableViewCell.swift in Sources */,
				B960D7851D37F68F00BCA477 /* SubjectsViewController.swift in Sources */,
				CF785D591F4FFA3B00FAA90F /* _OALayoutGuide.m in Sources */,
				CF5248A924E99B5400EDCF3D /* NewsViewController.swift in Sources */,
				B960D7811D35464E00BCA477 /* EditScheduleViewController.swift in Sources */,
				CF22A0901F6FD6E700B0ECC4 /* GenericNavigationController.swift in Sources */,
				CF785D5E1F4FFA3B00FAA90F /* OAStackViewAlignmentStrategy.m in Sources */,
				CF46BECE1F70FA1D00ABEA66 /* NoConnectionView.swift in Sources */,
				CFD9A60824EA6C8700C870BA /* NotConnectedView.swift in Sources */,
				CF785D601F4FFA3B00FAA90F /* OAStackViewDistributionStrategy.m in Sources */,
				B982C8781D5DF35600B021C9 /* OmissionsTableViewCell.swift in Sources */,
				B9DEB5691DEB102F00B700AE /* AboutWebViewController.swift in Sources */,
				CF785D5A1F4FFA3B00FAA90F /* OAStackView.m in Sources */,
				CFA7A14D1F47478800482180 /* ActionSheetPresentationController.swift in Sources */,
				B9B5C4D71D1D494800777BD9 /* MasterViewController.swift in Sources */,
				CF2A0EF91F4EA42000C5105A /* ActionSheetPresentationControllerSectionView.swift in Sources */,
				CF63C0031F6059F900A67315 /* FeedTableViewCell.swift in Sources */,
				B9BDBA091DE1C00A0025E30A /* SetStartViewController.swift in Sources */,
				CF52489624E990D200EDCF3D /* NewsTabViewController.swift in Sources */,
				CF785D5F1F4FFA3B00FAA90F /* OAStackViewAlignmentStrategyBaseline.m in Sources */,
				B9CBF5711D5F332B00F67682 /* FoerdervereinArticleViewController.swift in Sources */,
				CF52489024E9890C00EDCF3D /* SplitViewController.swift in Sources */,
				CF40B5341F28602900FB8ADC /* PickerTableViewCell.swift in Sources */,
				B9B5C4D51D1D494800777BD9 /* AppDelegate.swift in Sources */,
				CF52488E24E988A000EDCF3D /* TabBarController.swift in Sources */,
				B9CBF5751D60493D00F67682 /* GradeViewController.swift in Sources */,
				CF785D611F4FFA3B00FAA90F /* OATransformLayer.m in Sources */,
				B9B5C4FB1D1FFF6100777BD9 /* LessonsViewController.swift in Sources */,
				CF52489C24E9925400EDCF3D /* CoverPlanViewController.swift in Sources */,
				CF52489E24E992A400EDCF3D /* SettingsViewController.swift in Sources */,
				B9CCE7D61D20FE3B00F44447 /* WebScheduleViewController.swift in Sources */,
				B960D7831D3547FA00BCA477 /* EditLessonsViewController.swift in Sources */,
				B9562A6E1D4126B3001BD19E /* OmissionsViewController.swift in Sources */,
				CF785D5D1F4FFA3B00FAA90F /* OAStackView+Traversal.m in Sources */,
				B9CBF57C1D60CFBB00F67682 /* TextFieldTableViewCell.swift in Sources */,
				B972692E1DEB0292006819D3 /* AboutViewController.swift in Sources */,
				CFA7A14F1F4749FB00482180 /* ActionSheetPresentationControllerDismissButton.swift in Sources */,
				CF40B53A1F2B7CE100FB8ADC /* UIImage+Shadow.swift in Sources */,
			);
			runOnlyForDeploymentPostprocessing = 0;
		};
/* End PBXSourcesBuildPhase section */

/* Begin PBXTargetDependency section */
		B913C9241E0B1E190061B531 /* PBXTargetDependency */ = {
			isa = PBXTargetDependency;
			target = B913C9171E0B1E190061B531 /* OmissionsWidget */;
			targetProxy = B913C9231E0B1E190061B531 /* PBXContainerItemProxy */;
		};
/* End PBXTargetDependency section */

/* Begin PBXVariantGroup section */
		B913C91F1E0B1E190061B531 /* MainWidget.storyboard */ = {
			isa = PBXVariantGroup;
			children = (
				B913C9201E0B1E190061B531 /* Base */,
			);
			name = MainWidget.storyboard;
			sourceTree = "<group>";
		};
		B9B5C4DA1D1D494800777BD9 /* Main.storyboard */ = {
			isa = PBXVariantGroup;
			children = (
				B9B5C4DB1D1D494800777BD9 /* Base */,
			);
			name = Main.storyboard;
			sourceTree = "<group>";
		};
		B9B5C4DF1D1D494800777BD9 /* LaunchScreen.storyboard */ = {
			isa = PBXVariantGroup;
			children = (
				B9B5C4E01D1D494800777BD9 /* Base */,
			);
			name = LaunchScreen.storyboard;
			sourceTree = "<group>";
		};
		CF5248A424E9998C00EDCF3D /* Localizable.strings */ = {
			isa = PBXVariantGroup;
			children = (
				CF5248A524E9998C00EDCF3D /* Base */,
				CF5248A724E999C100EDCF3D /* de */,
			);
			name = Localizable.strings;
			sourceTree = "<group>";
		};
		CF5EBF622469C86E0099E3BE /* MainLegacy.storyboard */ = {
			isa = PBXVariantGroup;
			children = (
				CF5EBF632469C86E0099E3BE /* Base */,
			);
			name = MainLegacy.storyboard;
			sourceTree = "<group>";
		};
/* End PBXVariantGroup section */

/* Begin XCBuildConfiguration section */
		B913C9261E0B1E190061B531 /* Debug */ = {
			isa = XCBuildConfiguration;
			buildSettings = {
				CLANG_ENABLE_MODULES = YES;
				CODE_SIGN_ENTITLEMENTS = OmissionsWidget/OmissionsWidget.entitlements;
				CODE_SIGN_IDENTITY = "iPhone Developer";
				CODE_SIGN_STYLE = Automatic;
				CURRENT_PROJECT_VERSION = 1;
				DEVELOPMENT_TEAM = TRLMQKJQ97;
				ENABLE_HARDENED_RUNTIME = NO;
				INFOPLIST_FILE = OmissionsWidget/Info.plist;
				IPHONEOS_DEPLOYMENT_TARGET = 8.0;
				LD_RUNPATH_SEARCH_PATHS = (
					"$(inherited)",
					"@executable_path/Frameworks",
					"@executable_path/../../Frameworks",
				);
				MARKETING_VERSION = 4.0;
				PRODUCT_BUNDLE_IDENTIFIER = com.hardykrause.ELG.Widget;
				PRODUCT_NAME = "$(TARGET_NAME)";
				PROVISIONING_PROFILE_SPECIFIER = "";
				SKIP_INSTALL = YES;
				SWIFT_OBJC_BRIDGING_HEADER = "OmissionsWidget/OmissionsWidget-Bridging-Header.h";
				SWIFT_OPTIMIZATION_LEVEL = "-Onone";
				SWIFT_SWIFT3_OBJC_INFERENCE = Default;
				SWIFT_VERSION = 5.0;
			};
			name = Debug;
		};
		B913C9271E0B1E190061B531 /* Release */ = {
			isa = XCBuildConfiguration;
			buildSettings = {
				CLANG_ENABLE_MODULES = YES;
				CODE_SIGN_ENTITLEMENTS = OmissionsWidget/OmissionsWidget.entitlements;
				CODE_SIGN_IDENTITY = "iPhone Developer";
				CODE_SIGN_STYLE = Automatic;
				CURRENT_PROJECT_VERSION = 1;
				DEVELOPMENT_TEAM = TRLMQKJQ97;
				ENABLE_HARDENED_RUNTIME = NO;
				INFOPLIST_FILE = OmissionsWidget/Info.plist;
				IPHONEOS_DEPLOYMENT_TARGET = 8.0;
				LD_RUNPATH_SEARCH_PATHS = (
					"$(inherited)",
					"@executable_path/Frameworks",
					"@executable_path/../../Frameworks",
				);
				MARKETING_VERSION = 4.0;
				PRODUCT_BUNDLE_IDENTIFIER = com.hardykrause.ELG.Widget;
				PRODUCT_NAME = "$(TARGET_NAME)";
				PROVISIONING_PROFILE_SPECIFIER = "";
				SKIP_INSTALL = YES;
				SWIFT_OBJC_BRIDGING_HEADER = "OmissionsWidget/OmissionsWidget-Bridging-Header.h";
				SWIFT_SWIFT3_OBJC_INFERENCE = Default;
				SWIFT_VERSION = 5.0;
			};
			name = Release;
		};
		B9B5C4E31D1D494800777BD9 /* Debug */ = {
			isa = XCBuildConfiguration;
			buildSettings = {
				ALWAYS_SEARCH_USER_PATHS = NO;
				CLANG_ANALYZER_LOCALIZABILITY_NONLOCALIZED = YES;
				CLANG_ANALYZER_NONNULL = YES;
				CLANG_CXX_LANGUAGE_STANDARD = "gnu++0x";
				CLANG_CXX_LIBRARY = "libc++";
				CLANG_ENABLE_MODULES = YES;
				CLANG_ENABLE_OBJC_ARC = YES;
				CLANG_WARN_BLOCK_CAPTURE_AUTORELEASING = YES;
				CLANG_WARN_BOOL_CONVERSION = YES;
				CLANG_WARN_COMMA = YES;
				CLANG_WARN_CONSTANT_CONVERSION = YES;
				CLANG_WARN_DEPRECATED_OBJC_IMPLEMENTATIONS = YES;
				CLANG_WARN_DIRECT_OBJC_ISA_USAGE = YES_ERROR;
				CLANG_WARN_EMPTY_BODY = YES;
				CLANG_WARN_ENUM_CONVERSION = YES;
				CLANG_WARN_INFINITE_RECURSION = YES;
				CLANG_WARN_INT_CONVERSION = YES;
				CLANG_WARN_NON_LITERAL_NULL_CONVERSION = YES;
				CLANG_WARN_OBJC_IMPLICIT_RETAIN_SELF = YES;
				CLANG_WARN_OBJC_LITERAL_CONVERSION = YES;
				CLANG_WARN_OBJC_ROOT_CLASS = YES_ERROR;
				CLANG_WARN_RANGE_LOOP_ANALYSIS = YES;
				CLANG_WARN_STRICT_PROTOTYPES = YES;
				CLANG_WARN_SUSPICIOUS_MOVE = YES;
				CLANG_WARN_UNREACHABLE_CODE = YES;
				CLANG_WARN__DUPLICATE_METHOD_MATCH = YES;
				CODE_SIGN_IDENTITY = "Apple Development";
				"CODE_SIGN_IDENTITY[sdk=iphoneos*]" = "Apple Development";
				COPY_PHASE_STRIP = NO;
				DEBUG_INFORMATION_FORMAT = dwarf;
				ENABLE_STRICT_OBJC_MSGSEND = YES;
				ENABLE_TESTABILITY = YES;
				GCC_C_LANGUAGE_STANDARD = gnu99;
				GCC_DYNAMIC_NO_PIC = NO;
				GCC_NO_COMMON_BLOCKS = YES;
				GCC_OPTIMIZATION_LEVEL = 0;
				GCC_PREPROCESSOR_DEFINITIONS = (
					"DEBUG=1",
					"$(inherited)",
				);
				GCC_WARN_64_TO_32_BIT_CONVERSION = YES;
				GCC_WARN_ABOUT_RETURN_TYPE = YES_ERROR;
				GCC_WARN_UNDECLARED_SELECTOR = YES;
				GCC_WARN_UNINITIALIZED_AUTOS = YES_AGGRESSIVE;
				GCC_WARN_UNUSED_FUNCTION = YES;
				GCC_WARN_UNUSED_VARIABLE = YES;
				IPHONEOS_DEPLOYMENT_TARGET = 8.0;
				MTL_ENABLE_DEBUG_INFO = YES;
				ONLY_ACTIVE_ARCH = YES;
				SDKROOT = iphoneos;
				SWIFT_OPTIMIZATION_LEVEL = "-Onone";
				SWIFT_SWIFT3_OBJC_INFERENCE = Default;
				TARGETED_DEVICE_FAMILY = "1,2";
			};
			name = Debug;
		};
		B9B5C4E41D1D494800777BD9 /* Release */ = {
			isa = XCBuildConfiguration;
			buildSettings = {
				ALWAYS_SEARCH_USER_PATHS = NO;
				CLANG_ANALYZER_LOCALIZABILITY_NONLOCALIZED = YES;
				CLANG_ANALYZER_NONNULL = YES;
				CLANG_CXX_LANGUAGE_STANDARD = "gnu++0x";
				CLANG_CXX_LIBRARY = "libc++";
				CLANG_ENABLE_MODULES = YES;
				CLANG_ENABLE_OBJC_ARC = YES;
				CLANG_WARN_BLOCK_CAPTURE_AUTORELEASING = YES;
				CLANG_WARN_BOOL_CONVERSION = YES;
				CLANG_WARN_COMMA = YES;
				CLANG_WARN_CONSTANT_CONVERSION = YES;
				CLANG_WARN_DEPRECATED_OBJC_IMPLEMENTATIONS = YES;
				CLANG_WARN_DIRECT_OBJC_ISA_USAGE = YES_ERROR;
				CLANG_WARN_EMPTY_BODY = YES;
				CLANG_WARN_ENUM_CONVERSION = YES;
				CLANG_WARN_INFINITE_RECURSION = YES;
				CLANG_WARN_INT_CONVERSION = YES;
				CLANG_WARN_NON_LITERAL_NULL_CONVERSION = YES;
				CLANG_WARN_OBJC_IMPLICIT_RETAIN_SELF = YES;
				CLANG_WARN_OBJC_LITERAL_CONVERSION = YES;
				CLANG_WARN_OBJC_ROOT_CLASS = YES_ERROR;
				CLANG_WARN_RANGE_LOOP_ANALYSIS = YES;
				CLANG_WARN_STRICT_PROTOTYPES = YES;
				CLANG_WARN_SUSPICIOUS_MOVE = YES;
				CLANG_WARN_UNREACHABLE_CODE = YES;
				CLANG_WARN__DUPLICATE_METHOD_MATCH = YES;
				CODE_SIGN_IDENTITY = "Apple Development";
				"CODE_SIGN_IDENTITY[sdk=iphoneos*]" = "Apple Development";
				COPY_PHASE_STRIP = NO;
				DEBUG_INFORMATION_FORMAT = "dwarf-with-dsym";
				ENABLE_NS_ASSERTIONS = NO;
				ENABLE_STRICT_OBJC_MSGSEND = YES;
				GCC_C_LANGUAGE_STANDARD = gnu99;
				GCC_NO_COMMON_BLOCKS = YES;
				GCC_WARN_64_TO_32_BIT_CONVERSION = YES;
				GCC_WARN_ABOUT_RETURN_TYPE = YES_ERROR;
				GCC_WARN_UNDECLARED_SELECTOR = YES;
				GCC_WARN_UNINITIALIZED_AUTOS = YES_AGGRESSIVE;
				GCC_WARN_UNUSED_FUNCTION = YES;
				GCC_WARN_UNUSED_VARIABLE = YES;
				IPHONEOS_DEPLOYMENT_TARGET = 8.0;
				MTL_ENABLE_DEBUG_INFO = NO;
				SDKROOT = iphoneos;
				SWIFT_COMPILATION_MODE = wholemodule;
				SWIFT_OPTIMIZATION_LEVEL = "-O";
				SWIFT_SWIFT3_OBJC_INFERENCE = Default;
				TARGETED_DEVICE_FAMILY = "1,2";
				VALIDATE_PRODUCT = YES;
			};
			name = Release;
		};
		B9B5C4E61D1D494800777BD9 /* Debug */ = {
			isa = XCBuildConfiguration;
			buildSettings = {
				ALWAYS_EMBED_SWIFT_STANDARD_LIBRARIES = YES;
				ASSETCATALOG_COMPILER_APPICON_NAME = AppIcon;
				ASSETCATALOG_COMPILER_LAUNCHIMAGE_NAME = "";
				CLANG_ENABLE_MODULES = YES;
				CODE_SIGN_ENTITLEMENTS = ELG/Application/ELG.entitlements;
				CODE_SIGN_IDENTITY = "Apple Development";
				CODE_SIGN_STYLE = Automatic;
				CURRENT_PROJECT_VERSION = 1;
				DEVELOPMENT_TEAM = TRLMQKJQ97;
				ENABLE_HARDENED_RUNTIME = NO;
				INFOPLIST_FILE = "$(SRCROOT)/ELG/Application/Info.plist";
				IPHONEOS_DEPLOYMENT_TARGET = 9.0;
				LD_RUNPATH_SEARCH_PATHS = (
					"$(inherited)",
					"@executable_path/Frameworks",
				);
				MARKETING_VERSION = 4.0;
				PRODUCT_BUNDLE_IDENTIFIER = com.hardykrause.ELG;
				PRODUCT_NAME = "$(TARGET_NAME)";
				PROVISIONING_PROFILE_SPECIFIER = "";
				SWIFT_OBJC_BRIDGING_HEADER = "ELG/Classes/ELG-Bridging-Header.h";
				SWIFT_OPTIMIZATION_LEVEL = "-Onone";
				SWIFT_SWIFT3_OBJC_INFERENCE = Default;
				SWIFT_VERSION = 5.0;
			};
			name = Debug;
		};
		B9B5C4E71D1D494800777BD9 /* Release */ = {
			isa = XCBuildConfiguration;
			buildSettings = {
				ALWAYS_EMBED_SWIFT_STANDARD_LIBRARIES = YES;
				ASSETCATALOG_COMPILER_APPICON_NAME = AppIcon;
				ASSETCATALOG_COMPILER_LAUNCHIMAGE_NAME = "";
				CLANG_ENABLE_MODULES = YES;
				CODE_SIGN_ENTITLEMENTS = ELG/Application/ELG.entitlements;
				CODE_SIGN_IDENTITY = "Apple Development";
				CODE_SIGN_STYLE = Automatic;
				CURRENT_PROJECT_VERSION = 1;
				DEVELOPMENT_TEAM = TRLMQKJQ97;
				ENABLE_HARDENED_RUNTIME = NO;
				INFOPLIST_FILE = "$(SRCROOT)/ELG/Application/Info.plist";
				IPHONEOS_DEPLOYMENT_TARGET = 9.0;
				LD_RUNPATH_SEARCH_PATHS = (
					"$(inherited)",
					"@executable_path/Frameworks",
				);
				MARKETING_VERSION = 4.0;
				PRODUCT_BUNDLE_IDENTIFIER = com.hardykrause.ELG;
				PRODUCT_NAME = "$(TARGET_NAME)";
				PROVISIONING_PROFILE_SPECIFIER = "";
				SWIFT_OBJC_BRIDGING_HEADER = "ELG/Classes/ELG-Bridging-Header.h";
				SWIFT_SWIFT3_OBJC_INFERENCE = Default;
				SWIFT_VERSION = 5.0;
			};
			name = Release;
		};
/* End XCBuildConfiguration section */

/* Begin XCConfigurationList section */
		B913C9281E0B1E190061B531 /* Build configuration list for PBXNativeTarget "OmissionsWidget" */ = {
			isa = XCConfigurationList;
			buildConfigurations = (
				B913C9261E0B1E190061B531 /* Debug */,
				B913C9271E0B1E190061B531 /* Release */,
			);
			defaultConfigurationIsVisible = 0;
			defaultConfigurationName = Release;
		};
		B9B5C4CC1D1D494700777BD9 /* Build configuration list for PBXProject "ELG" */ = {
			isa = XCConfigurationList;
			buildConfigurations = (
				B9B5C4E31D1D494800777BD9 /* Debug */,
				B9B5C4E41D1D494800777BD9 /* Release */,
			);
			defaultConfigurationIsVisible = 0;
			defaultConfigurationName = Release;
		};
		B9B5C4E51D1D494800777BD9 /* Build configuration list for PBXNativeTarget "ELG" */ = {
			isa = XCConfigurationList;
			buildConfigurations = (
				B9B5C4E61D1D494800777BD9 /* Debug */,
				B9B5C4E71D1D494800777BD9 /* Release */,
			);
			defaultConfigurationIsVisible = 0;
			defaultConfigurationName = Release;
		};
/* End XCConfigurationList section */

/* Begin XCRemoteSwiftPackageReference section */
		CF52489224E9907F00EDCF3D /* XCRemoteSwiftPackageReference "Tabman" */ = {
			isa = XCRemoteSwiftPackageReference;
			repositoryURL = "https://github.com/uias/Tabman";
			requirement = {
				kind = upToNextMajorVersion;
				minimumVersion = 2.9.1;
			};
		};
		CF5EB0D72468460400E5D144 /* XCRemoteSwiftPackageReference "ColorCompatibility" */ = {
			isa = XCRemoteSwiftPackageReference;
			repositoryURL = "https://github.com/noahsark769/ColorCompatibility.git";
			requirement = {
				kind = upToNextMajorVersion;
				minimumVersion = 1.0.1;
			};
		};
		CF5EB0DA2468490900E5D144 /* XCRemoteSwiftPackageReference "SWXMLHash" */ = {
			isa = XCRemoteSwiftPackageReference;
			repositoryURL = "https://github.com/drmohundro/SWXMLHash.git";
			requirement = {
				kind = upToNextMajorVersion;
				minimumVersion = 5.0.1;
			};
		};
		CFAF962624EA73A20014ED40 /* XCRemoteSwiftPackageReference "EasyPeasy" */ = {
			isa = XCRemoteSwiftPackageReference;
			repositoryURL = "https://github.com/nakiostudio/EasyPeasy";
			requirement = {
				kind = upToNextMajorVersion;
				minimumVersion = 1.9.2;
			};
		};
		CFD9A60424E9D3F100C870BA /* XCRemoteSwiftPackageReference "Connectivity" */ = {
			isa = XCRemoteSwiftPackageReference;
			repositoryURL = "https://github.com/rwbutler/Connectivity";
			requirement = {
				kind = upToNextMajorVersion;
				minimumVersion = 4.2.0;
			};
		};
/* End XCRemoteSwiftPackageReference section */

/* Begin XCSwiftPackageProductDependency section */
		CF5EB0DD2468492100E5D144 /* ColorCompatibility */ = {
			isa = XCSwiftPackageProductDependency;
			package = CF5EB0D72468460400E5D144 /* XCRemoteSwiftPackageReference "ColorCompatibility" */;
			productName = ColorCompatibility;
		};
		CF5EB0DF2468492500E5D144 /* SWXMLHash */ = {
			isa = XCSwiftPackageProductDependency;
			package = CF5EB0DA2468490900E5D144 /* XCRemoteSwiftPackageReference "SWXMLHash" */;
			productName = SWXMLHash;
		};
		CFE2D39224EA78C200FEF272 /* ColorCompatibility */ = {
			isa = XCSwiftPackageProductDependency;
			package = CF5EB0D72468460400E5D144 /* XCRemoteSwiftPackageReference "ColorCompatibility" */;
			productName = ColorCompatibility;
		};
		CFE2D39424EA78C200FEF272 /* SWXMLHash */ = {
			isa = XCSwiftPackageProductDependency;
			package = CF5EB0DA2468490900E5D144 /* XCRemoteSwiftPackageReference "SWXMLHash" */;
			productName = SWXMLHash;
		};
		CFE2D39624EA78C200FEF272 /* Tabman */ = {
			isa = XCSwiftPackageProductDependency;
			package = CF52489224E9907F00EDCF3D /* XCRemoteSwiftPackageReference "Tabman" */;
			productName = Tabman;
		};
		CFE2D39824EA78C200FEF272 /* Connectivity */ = {
			isa = XCSwiftPackageProductDependency;
			package = CFD9A60424E9D3F100C870BA /* XCRemoteSwiftPackageReference "Connectivity" */;
			productName = Connectivity;
		};
		CFE2D39A24EA78C200FEF272 /* EasyPeasy */ = {
			isa = XCSwiftPackageProductDependency;
			package = CFAF962624EA73A20014ED40 /* XCRemoteSwiftPackageReference "EasyPeasy" */;
			productName = EasyPeasy;
		};
/* End XCSwiftPackageProductDependency section */
	};
	rootObject = B9B5C4C91D1D494700777BD9 /* Project object */;
}
